// !$*UTF8*$!
{
	archiveVersion = 1;
	classes = {
	};
	objectVersion = 56;
	objects = {

/* Begin PBXBuildFile section */
		4B0FE4B12C71F0C7004D10F0 /* SettingsScreenView.swift in Sources */ = {isa = PBXBuildFile; fileRef = 4B0FE4B02C71F0C7004D10F0 /* SettingsScreenView.swift */; };
		4B0FE4B42C71F268004D10F0 /* SettingsRowItemModel.swift in Sources */ = {isa = PBXBuildFile; fileRef = 4B0FE4B32C71F268004D10F0 /* SettingsRowItemModel.swift */; };
		4B0FE4B62C721CAA004D10F0 /* SettingsRowItemView.swift in Sources */ = {isa = PBXBuildFile; fileRef = 4B0FE4B52C721CAA004D10F0 /* SettingsRowItemView.swift */; };
		4B0FE4B82C722504004D10F0 /* SettingsHeaderView.swift in Sources */ = {isa = PBXBuildFile; fileRef = 4B0FE4B72C722504004D10F0 /* SettingsHeaderView.swift */; };
		4B0FE4BC2C73807C004D10F0 /* ChatRoomView.swift in Sources */ = {isa = PBXBuildFile; fileRef = 4B0FE4BB2C73807C004D10F0 /* ChatRoomView.swift */; };
		4B0FE4C02C738390004D10F0 /* TextInputArea.swift in Sources */ = {isa = PBXBuildFile; fileRef = 4B0FE4BF2C738390004D10F0 /* TextInputArea.swift */; };
		4B0FE4C62C738429004D10F0 /* TextInputAreaExtensions.swift in Sources */ = {isa = PBXBuildFile; fileRef = 4B0FE4C52C738429004D10F0 /* TextInputAreaExtensions.swift */; };
		4B0FE4C82C739A53004D10F0 /* MessageListController.swift in Sources */ = {isa = PBXBuildFile; fileRef = 4B0FE4C72C739A53004D10F0 /* MessageListController.swift */; };
		4B0FE4CA2C739D8A004D10F0 /* MessageListView.swift in Sources */ = {isa = PBXBuildFile; fileRef = 4B0FE4C92C739D8A004D10F0 /* MessageListView.swift */; };
		4B0FE4CD2C73AFEC004D10F0 /* MessageItemModel.swift in Sources */ = {isa = PBXBuildFile; fileRef = 4B0FE4CC2C73AFEC004D10F0 /* MessageItemModel.swift */; };
		4B0FE4CF2C73B15F004D10F0 /* BubbleText.swift in Sources */ = {isa = PBXBuildFile; fileRef = 4B0FE4CE2C73B15F004D10F0 /* BubbleText.swift */; };
		4B0FE4D12C74CF0B004D10F0 /* BubbleTail.swift in Sources */ = {isa = PBXBuildFile; fileRef = 4B0FE4D02C74CF0B004D10F0 /* BubbleTail.swift */; };
		4B0FE4D32C74D15C004D10F0 /* BubbleTailModifier.swift in Sources */ = {isa = PBXBuildFile; fileRef = 4B0FE4D22C74D15C004D10F0 /* BubbleTailModifier.swift */; };
		4B0FE4D82C74EB5D004D10F0 /* BubbleImage.swift in Sources */ = {isa = PBXBuildFile; fileRef = 4B0FE4D72C74EB5D004D10F0 /* BubbleImage.swift */; };
		4B0FE4DA2C7500B7004D10F0 /* BubbleAudio.swift in Sources */ = {isa = PBXBuildFile; fileRef = 4B0FE4D92C7500B7004D10F0 /* BubbleAudio.swift */; };
		4B366BC02C6D2872001D5D63 /* CameraView.swift in Sources */ = {isa = PBXBuildFile; fileRef = 4B366BBF2C6D2872001D5D63 /* CameraView.swift */; };
		4B382FF02C5C09E40094FA11 /* CountryPickerViewModel.swift in Sources */ = {isa = PBXBuildFile; fileRef = 4B382FEF2C5C09E40094FA11 /* CountryPickerViewModel.swift */; };
		4B382FF22C5C0A050094FA11 /* CountryPickerSearchView.swift in Sources */ = {isa = PBXBuildFile; fileRef = 4B382FF12C5C0A050094FA11 /* CountryPickerSearchView.swift */; };
		4B382FF92C5D30C00094FA11 /* RoundedCorner.swift in Sources */ = {isa = PBXBuildFile; fileRef = 4B382FF82C5D30C00094FA11 /* RoundedCorner.swift */; };
		4B382FFE2C5D64750094FA11 /* NavPlaceHolder.swift in Sources */ = {isa = PBXBuildFile; fileRef = 4B382FFD2C5D64750094FA11 /* NavPlaceHolder.swift */; };
		4B3830002C5D65260094FA11 /* PhoneNumberInputField.swift in Sources */ = {isa = PBXBuildFile; fileRef = 4B382FFF2C5D65260094FA11 /* PhoneNumberInputField.swift */; };
		4B3830022C5D65CE0094FA11 /* CountryPickerView.swift in Sources */ = {isa = PBXBuildFile; fileRef = 4B3830012C5D65CE0094FA11 /* CountryPickerView.swift */; };
		4B74F4282C529E8F008C8393 /* TalkToMeApp.swift in Sources */ = {isa = PBXBuildFile; fileRef = 4B74F4272C529E8F008C8393 /* TalkToMeApp.swift */; };
		4B74F42A2C529E8F008C8393 /* GeneralView.swift in Sources */ = {isa = PBXBuildFile; fileRef = 4B74F4292C529E8F008C8393 /* GeneralView.swift */; };
		4B74F42C2C529E90008C8393 /* Assets.xcassets in Resources */ = {isa = PBXBuildFile; fileRef = 4B74F42B2C529E90008C8393 /* Assets.xcassets */; };
		4B74F42F2C529E90008C8393 /* Preview Assets.xcassets in Resources */ = {isa = PBXBuildFile; fileRef = 4B74F42E2C529E90008C8393 /* Preview Assets.xcassets */; };
		4B74F4492C556131008C8393 /* OTPPhoneNumberInputView.swift in Sources */ = {isa = PBXBuildFile; fileRef = 4B74F4482C556131008C8393 /* OTPPhoneNumberInputView.swift */; };
		4B74F44C2C556812008C8393 /* OTPViewModel.swift in Sources */ = {isa = PBXBuildFile; fileRef = 4B74F44B2C556812008C8393 /* OTPViewModel.swift */; };
		4B74F4512C565402008C8393 /* OTPPhoneVerifyCodeView.swift in Sources */ = {isa = PBXBuildFile; fileRef = 4B74F4502C565402008C8393 /* OTPPhoneVerifyCodeView.swift */; };
		4B74F4562C56910F008C8393 /* IntroGradient.swift in Sources */ = {isa = PBXBuildFile; fileRef = 4B74F4552C56910F008C8393 /* IntroGradient.swift */; };
		4B74F4672C57EF73008C8393 /* Page.swift in Sources */ = {isa = PBXBuildFile; fileRef = 4B74F4662C57EF73008C8393 /* Page.swift */; };
		4B74F4692C57F7BB008C8393 /* IntroView.swift in Sources */ = {isa = PBXBuildFile; fileRef = 4B74F4682C57F7BB008C8393 /* IntroView.swift */; };
		4B74F46C2C57F8DC008C8393 /* MorphingSymbolView.swift in Sources */ = {isa = PBXBuildFile; fileRef = 4B74F46B2C57F8DC008C8393 /* MorphingSymbolView.swift */; };
		4B74F46F2C5AA40B008C8393 /* TextTabHolderView.swift in Sources */ = {isa = PBXBuildFile; fileRef = 4B74F46E2C5AA40B008C8393 /* TextTabHolderView.swift */; };
		4B74F4712C5AA525008C8393 /* ContinueButtonView.swift in Sources */ = {isa = PBXBuildFile; fileRef = 4B74F4702C5AA525008C8393 /* ContinueButtonView.swift */; };
		4B74F4732C5AA5DA008C8393 /* HeaderView.swift in Sources */ = {isa = PBXBuildFile; fileRef = 4B74F4722C5AA5DA008C8393 /* HeaderView.swift */; };
		4B74F4752C5AA625008C8393 /* IndicatorView.swift in Sources */ = {isa = PBXBuildFile; fileRef = 4B74F4742C5AA625008C8393 /* IndicatorView.swift */; };
		4BC70D252C5FCF3700BB41DF /* ContinueButton.swift in Sources */ = {isa = PBXBuildFile; fileRef = 4BC70D242C5FCF3700BB41DF /* ContinueButton.swift */; };
		4BC70D2B2C610E1100BB41DF /* CreateUserScreenView.swift in Sources */ = {isa = PBXBuildFile; fileRef = 4BC70D2A2C610E1100BB41DF /* CreateUserScreenView.swift */; };
		4BC70D2D2C61119600BB41DF /* OpacityBackgroundLogo.swift in Sources */ = {isa = PBXBuildFile; fileRef = 4BC70D2C2C61119600BB41DF /* OpacityBackgroundLogo.swift */; };
		4BC70D2F2C62572500BB41DF /* NavigationTextArea.swift in Sources */ = {isa = PBXBuildFile; fileRef = 4BC70D2E2C62572500BB41DF /* NavigationTextArea.swift */; };
		4BC70D312C6257B600BB41DF /* UserAvatar.swift in Sources */ = {isa = PBXBuildFile; fileRef = 4BC70D302C6257B600BB41DF /* UserAvatar.swift */; };
		4BC70D332C6258B300BB41DF /* UsernameField.swift in Sources */ = {isa = PBXBuildFile; fileRef = 4BC70D322C6258B300BB41DF /* UsernameField.swift */; };
		4BC70D352C625A7100BB41DF /* SubmitButton.swift in Sources */ = {isa = PBXBuildFile; fileRef = 4BC70D342C625A7100BB41DF /* SubmitButton.swift */; };
		4BC70D392C626F4400BB41DF /* NavBarElements.swift in Sources */ = {isa = PBXBuildFile; fileRef = 4BC70D382C626F4400BB41DF /* NavBarElements.swift */; };
		4BC70D3B2C629B3300BB41DF /* SupportArea.swift in Sources */ = {isa = PBXBuildFile; fileRef = 4BC70D3A2C629B3300BB41DF /* SupportArea.swift */; };
		4BC70D3D2C629C1F00BB41DF /* VerifyButton.swift in Sources */ = {isa = PBXBuildFile; fileRef = 4BC70D3C2C629C1F00BB41DF /* VerifyButton.swift */; };
		4BC70D3F2C629F4200BB41DF /* CodeInputPlatforms.swift in Sources */ = {isa = PBXBuildFile; fileRef = 4BC70D3E2C629F4200BB41DF /* CodeInputPlatforms.swift */; };
		4BC70D412C62AE9D00BB41DF /* ColorExtension.swift in Sources */ = {isa = PBXBuildFile; fileRef = 4BC70D402C62AE9D00BB41DF /* ColorExtension.swift */; };
		4BE4E99C2C7633B1007684CC /* GrayGradient.swift in Sources */ = {isa = PBXBuildFile; fileRef = 4BE4E99B2C7633B1007684CC /* GrayGradient.swift */; };
		4BE4E99F2C766955007684CC /* FirebaseAuth in Frameworks */ = {isa = PBXBuildFile; productRef = 4BE4E99E2C766955007684CC /* FirebaseAuth */; };
		4BE4E9A12C766955007684CC /* FirebaseDatabase in Frameworks */ = {isa = PBXBuildFile; productRef = 4BE4E9A02C766955007684CC /* FirebaseDatabase */; };
		4BE4E9A32C766955007684CC /* FirebaseDynamicLinks in Frameworks */ = {isa = PBXBuildFile; productRef = 4BE4E9A22C766955007684CC /* FirebaseDynamicLinks */; };
		4BE4E9A52C766955007684CC /* FirebaseMessaging in Frameworks */ = {isa = PBXBuildFile; productRef = 4BE4E9A42C766955007684CC /* FirebaseMessaging */; };
		4BE4E9A72C766955007684CC /* FirebaseStorage in Frameworks */ = {isa = PBXBuildFile; productRef = 4BE4E9A62C766955007684CC /* FirebaseStorage */; };
		4BE4E9AB2C766DF2007684CC /* FirebaseAnalytics in Frameworks */ = {isa = PBXBuildFile; productRef = 4BE4E9AA2C766DF2007684CC /* FirebaseAnalytics */; };
		4BE4E9AD2C766DFB007684CC /* FirebaseCrashlytics in Frameworks */ = {isa = PBXBuildFile; productRef = 4BE4E9AC2C766DFB007684CC /* FirebaseCrashlytics */; };
		4BE4E9AF2C766E0F007684CC /* FirebasePerformance in Frameworks */ = {isa = PBXBuildFile; productRef = 4BE4E9AE2C766E0F007684CC /* FirebasePerformance */; };
		4BE4E9B32C777741007684CC /* LoginScreen.swift in Sources */ = {isa = PBXBuildFile; fileRef = 4BE4E9B22C777741007684CC /* LoginScreen.swift */; };
		4BE4E9B62C777815007684CC /* AuthHeader.swift in Sources */ = {isa = PBXBuildFile; fileRef = 4BE4E9B52C777815007684CC /* AuthHeader.swift */; };
		4BE4E9B82C777A04007684CC /* AuthTextField.swift in Sources */ = {isa = PBXBuildFile; fileRef = 4BE4E9B72C777A04007684CC /* AuthTextField.swift */; };
		4BE4E9BB2C778120007684CC /* AuthButton.swift in Sources */ = {isa = PBXBuildFile; fileRef = 4BE4E9BA2C778120007684CC /* AuthButton.swift */; };
		4BE4E9BD2C779FED007684CC /* SignUpScreen.swift in Sources */ = {isa = PBXBuildFile; fileRef = 4BE4E9BC2C779FED007684CC /* SignUpScreen.swift */; };
		4BE4E9C02C77AA58007684CC /* AuthScreenModel.swift in Sources */ = {isa = PBXBuildFile; fileRef = 4BE4E9BF2C77AA58007684CC /* AuthScreenModel.swift */; };
		4BE4E9C32C78E62D007684CC /* AuthProvider.swift in Sources */ = {isa = PBXBuildFile; fileRef = 4BE4E9C22C78E62D007684CC /* AuthProvider.swift */; };
		4BE4E9C92C78F706007684CC /* GoogleService-Info.plist in Resources */ = {isa = PBXBuildFile; fileRef = 4BE4E9C82C78F706007684CC /* GoogleService-Info.plist */; };
		4BE4E9CD2C7A297B007684CC /* RootScreen.swift in Sources */ = {isa = PBXBuildFile; fileRef = 4BE4E9CC2C7A297B007684CC /* RootScreen.swift */; };
		4BE4E9D02C7A29AC007684CC /* RootScreenModel.swift in Sources */ = {isa = PBXBuildFile; fileRef = 4BE4E9CF2C7A29AC007684CC /* RootScreenModel.swift */; };
		4BE4E9D52C7A4BE1007684CC /* UserItem.swift in Sources */ = {isa = PBXBuildFile; fileRef = 4BE4E9D42C7A4BE1007684CC /* UserItem.swift */; };
		4BE4E9D82C7A4CFE007684CC /* FirebaseConstants.swift in Sources */ = {isa = PBXBuildFile; fileRef = 4BE4E9D72C7A4CFE007684CC /* FirebaseConstants.swift */; };
		4BE4E9DC2C7CD14D007684CC /* ChatPartnerPickerView.swift in Sources */ = {isa = PBXBuildFile; fileRef = 4BE4E9DB2C7CD14D007684CC /* ChatPartnerPickerView.swift */; };
		4BE4E9DE2C7CD926007684CC /* ChatPartnerRow.swift in Sources */ = {isa = PBXBuildFile; fileRef = 4BE4E9DD2C7CD926007684CC /* ChatPartnerRow.swift */; };
		4BE4E9E22C7CE428007684CC /* ChatPartnerPickerViewModel.swift in Sources */ = {isa = PBXBuildFile; fileRef = 4BE4E9E12C7CE428007684CC /* ChatPartnerPickerViewModel.swift */; };
		4BE4E9E42C7CE875007684CC /* AddGroupChatPartnerView.swift in Sources */ = {isa = PBXBuildFile; fileRef = 4BE4E9E32C7CE875007684CC /* AddGroupChatPartnerView.swift */; };
		4BF094172C6E559E000E305F /* CropView.swift in Sources */ = {isa = PBXBuildFile; fileRef = 4BF094162C6E559E000E305F /* CropView.swift */; };
		4BF094192C6E585E000E305F /* PickerExtensions.swift in Sources */ = {isa = PBXBuildFile; fileRef = 4BF094182C6E585E000E305F /* PickerExtensions.swift */; };
		4BF0941C2C6FA4B6000E305F /* FinalScreenView.swift in Sources */ = {isa = PBXBuildFile; fileRef = 4BF0941B2C6FA4B6000E305F /* FinalScreenView.swift */; };
		4BF0941E2C6FA4DA000E305F /* TestView.swift in Sources */ = {isa = PBXBuildFile; fileRef = 4BF0941D2C6FA4DA000E305F /* TestView.swift */; };
		4BF094202C6FCC9F000E305F /* TimerView.swift in Sources */ = {isa = PBXBuildFile; fileRef = 4BF0941F2C6FCC9F000E305F /* TimerView.swift */; };
		4BF094252C70FF42000E305F /* MainTabView.swift in Sources */ = {isa = PBXBuildFile; fileRef = 4BF094242C70FF42000E305F /* MainTabView.swift */; };
		4BF094282C710203000E305F /* MainTabViewExtension.swift in Sources */ = {isa = PBXBuildFile; fileRef = 4BF094272C710203000E305F /* MainTabViewExtension.swift */; };
		4BF0942D2C7126CA000E305F /* ChatsTabView.swift in Sources */ = {isa = PBXBuildFile; fileRef = 4BF0942C2C7126CA000E305F /* ChatsTabView.swift */; };
		4BF094322C712C53000E305F /* ChatScreenRow.swift in Sources */ = {isa = PBXBuildFile; fileRef = 4BF094312C712C53000E305F /* ChatScreenRow.swift */; };
		4BF626242C669C5500FF77B9 /* TappedFieldTextChange.swift in Sources */ = {isa = PBXBuildFile; fileRef = 4BF626232C669C5500FF77B9 /* TappedFieldTextChange.swift */; };
/* End PBXBuildFile section */

/* Begin PBXFileReference section */
		4B0FE4B02C71F0C7004D10F0 /* SettingsScreenView.swift */ = {isa = PBXFileReference; lastKnownFileType = sourcecode.swift; path = SettingsScreenView.swift; sourceTree = "<group>"; };
		4B0FE4B32C71F268004D10F0 /* SettingsRowItemModel.swift */ = {isa = PBXFileReference; lastKnownFileType = sourcecode.swift; path = SettingsRowItemModel.swift; sourceTree = "<group>"; };
		4B0FE4B52C721CAA004D10F0 /* SettingsRowItemView.swift */ = {isa = PBXFileReference; lastKnownFileType = sourcecode.swift; path = SettingsRowItemView.swift; sourceTree = "<group>"; };
		4B0FE4B72C722504004D10F0 /* SettingsHeaderView.swift */ = {isa = PBXFileReference; lastKnownFileType = sourcecode.swift; path = SettingsHeaderView.swift; sourceTree = "<group>"; };
		4B0FE4BB2C73807C004D10F0 /* ChatRoomView.swift */ = {isa = PBXFileReference; lastKnownFileType = sourcecode.swift; path = ChatRoomView.swift; sourceTree = "<group>"; };
		4B0FE4BF2C738390004D10F0 /* TextInputArea.swift */ = {isa = PBXFileReference; lastKnownFileType = sourcecode.swift; path = TextInputArea.swift; sourceTree = "<group>"; };
		4B0FE4C52C738429004D10F0 /* TextInputAreaExtensions.swift */ = {isa = PBXFileReference; lastKnownFileType = sourcecode.swift; path = TextInputAreaExtensions.swift; sourceTree = "<group>"; };
		4B0FE4C72C739A53004D10F0 /* MessageListController.swift */ = {isa = PBXFileReference; lastKnownFileType = sourcecode.swift; path = MessageListController.swift; sourceTree = "<group>"; };
		4B0FE4C92C739D8A004D10F0 /* MessageListView.swift */ = {isa = PBXFileReference; lastKnownFileType = sourcecode.swift; path = MessageListView.swift; sourceTree = "<group>"; };
		4B0FE4CC2C73AFEC004D10F0 /* MessageItemModel.swift */ = {isa = PBXFileReference; lastKnownFileType = sourcecode.swift; path = MessageItemModel.swift; sourceTree = "<group>"; };
		4B0FE4CE2C73B15F004D10F0 /* BubbleText.swift */ = {isa = PBXFileReference; lastKnownFileType = sourcecode.swift; path = BubbleText.swift; sourceTree = "<group>"; };
		4B0FE4D02C74CF0B004D10F0 /* BubbleTail.swift */ = {isa = PBXFileReference; lastKnownFileType = sourcecode.swift; path = BubbleTail.swift; sourceTree = "<group>"; };
		4B0FE4D22C74D15C004D10F0 /* BubbleTailModifier.swift */ = {isa = PBXFileReference; lastKnownFileType = sourcecode.swift; path = BubbleTailModifier.swift; sourceTree = "<group>"; };
		4B0FE4D72C74EB5D004D10F0 /* BubbleImage.swift */ = {isa = PBXFileReference; lastKnownFileType = sourcecode.swift; path = BubbleImage.swift; sourceTree = "<group>"; };
		4B0FE4D92C7500B7004D10F0 /* BubbleAudio.swift */ = {isa = PBXFileReference; lastKnownFileType = sourcecode.swift; path = BubbleAudio.swift; sourceTree = "<group>"; };
		4B366BBF2C6D2872001D5D63 /* CameraView.swift */ = {isa = PBXFileReference; lastKnownFileType = sourcecode.swift; path = CameraView.swift; sourceTree = "<group>"; };
		4B382FEF2C5C09E40094FA11 /* CountryPickerViewModel.swift */ = {isa = PBXFileReference; lastKnownFileType = sourcecode.swift; path = CountryPickerViewModel.swift; sourceTree = "<group>"; };
		4B382FF12C5C0A050094FA11 /* CountryPickerSearchView.swift */ = {isa = PBXFileReference; lastKnownFileType = sourcecode.swift; path = CountryPickerSearchView.swift; sourceTree = "<group>"; };
		4B382FF82C5D30C00094FA11 /* RoundedCorner.swift */ = {isa = PBXFileReference; lastKnownFileType = sourcecode.swift; path = RoundedCorner.swift; sourceTree = "<group>"; };
		4B382FFD2C5D64750094FA11 /* NavPlaceHolder.swift */ = {isa = PBXFileReference; lastKnownFileType = sourcecode.swift; path = NavPlaceHolder.swift; sourceTree = "<group>"; };
		4B382FFF2C5D65260094FA11 /* PhoneNumberInputField.swift */ = {isa = PBXFileReference; lastKnownFileType = sourcecode.swift; path = PhoneNumberInputField.swift; sourceTree = "<group>"; };
		4B3830012C5D65CE0094FA11 /* CountryPickerView.swift */ = {isa = PBXFileReference; lastKnownFileType = sourcecode.swift; path = CountryPickerView.swift; sourceTree = "<group>"; };
		4B74F4242C529E8F008C8393 /* TalkToMe.app */ = {isa = PBXFileReference; explicitFileType = wrapper.application; includeInIndex = 0; path = TalkToMe.app; sourceTree = BUILT_PRODUCTS_DIR; };
		4B74F4272C529E8F008C8393 /* TalkToMeApp.swift */ = {isa = PBXFileReference; lastKnownFileType = sourcecode.swift; path = TalkToMeApp.swift; sourceTree = "<group>"; };
		4B74F4292C529E8F008C8393 /* GeneralView.swift */ = {isa = PBXFileReference; lastKnownFileType = sourcecode.swift; path = GeneralView.swift; sourceTree = "<group>"; };
		4B74F42B2C529E90008C8393 /* Assets.xcassets */ = {isa = PBXFileReference; lastKnownFileType = folder.assetcatalog; path = Assets.xcassets; sourceTree = "<group>"; };
		4B74F42E2C529E90008C8393 /* Preview Assets.xcassets */ = {isa = PBXFileReference; lastKnownFileType = folder.assetcatalog; path = "Preview Assets.xcassets"; sourceTree = "<group>"; };
		4B74F4482C556131008C8393 /* OTPPhoneNumberInputView.swift */ = {isa = PBXFileReference; lastKnownFileType = sourcecode.swift; path = OTPPhoneNumberInputView.swift; sourceTree = "<group>"; };
		4B74F44B2C556812008C8393 /* OTPViewModel.swift */ = {isa = PBXFileReference; lastKnownFileType = sourcecode.swift; path = OTPViewModel.swift; sourceTree = "<group>"; };
		4B74F4502C565402008C8393 /* OTPPhoneVerifyCodeView.swift */ = {isa = PBXFileReference; lastKnownFileType = sourcecode.swift; path = OTPPhoneVerifyCodeView.swift; sourceTree = "<group>"; };
		4B74F4552C56910F008C8393 /* IntroGradient.swift */ = {isa = PBXFileReference; lastKnownFileType = sourcecode.swift; path = IntroGradient.swift; sourceTree = "<group>"; };
		4B74F4662C57EF73008C8393 /* Page.swift */ = {isa = PBXFileReference; lastKnownFileType = sourcecode.swift; path = Page.swift; sourceTree = "<group>"; };
		4B74F4682C57F7BB008C8393 /* IntroView.swift */ = {isa = PBXFileReference; lastKnownFileType = sourcecode.swift; path = IntroView.swift; sourceTree = "<group>"; };
		4B74F46B2C57F8DC008C8393 /* MorphingSymbolView.swift */ = {isa = PBXFileReference; lastKnownFileType = sourcecode.swift; path = MorphingSymbolView.swift; sourceTree = "<group>"; };
		4B74F46E2C5AA40B008C8393 /* TextTabHolderView.swift */ = {isa = PBXFileReference; lastKnownFileType = sourcecode.swift; path = TextTabHolderView.swift; sourceTree = "<group>"; };
		4B74F4702C5AA525008C8393 /* ContinueButtonView.swift */ = {isa = PBXFileReference; lastKnownFileType = sourcecode.swift; path = ContinueButtonView.swift; sourceTree = "<group>"; };
		4B74F4722C5AA5DA008C8393 /* HeaderView.swift */ = {isa = PBXFileReference; lastKnownFileType = sourcecode.swift; path = HeaderView.swift; sourceTree = "<group>"; };
		4B74F4742C5AA625008C8393 /* IndicatorView.swift */ = {isa = PBXFileReference; lastKnownFileType = sourcecode.swift; path = IndicatorView.swift; sourceTree = "<group>"; };
		4BC70D212C5FCBE400BB41DF /* UserNotifications.framework */ = {isa = PBXFileReference; lastKnownFileType = wrapper.framework; name = UserNotifications.framework; path = System/Library/Frameworks/UserNotifications.framework; sourceTree = SDKROOT; };
		4BC70D232C5FCBFE00BB41DF /* Info.plist */ = {isa = PBXFileReference; lastKnownFileType = text.plist; path = Info.plist; sourceTree = "<group>"; };
		4BC70D242C5FCF3700BB41DF /* ContinueButton.swift */ = {isa = PBXFileReference; lastKnownFileType = sourcecode.swift; path = ContinueButton.swift; sourceTree = "<group>"; };
		4BC70D2A2C610E1100BB41DF /* CreateUserScreenView.swift */ = {isa = PBXFileReference; lastKnownFileType = sourcecode.swift; path = CreateUserScreenView.swift; sourceTree = "<group>"; };
		4BC70D2C2C61119600BB41DF /* OpacityBackgroundLogo.swift */ = {isa = PBXFileReference; lastKnownFileType = sourcecode.swift; path = OpacityBackgroundLogo.swift; sourceTree = "<group>"; };
		4BC70D2E2C62572500BB41DF /* NavigationTextArea.swift */ = {isa = PBXFileReference; lastKnownFileType = sourcecode.swift; path = NavigationTextArea.swift; sourceTree = "<group>"; };
		4BC70D302C6257B600BB41DF /* UserAvatar.swift */ = {isa = PBXFileReference; lastKnownFileType = sourcecode.swift; path = UserAvatar.swift; sourceTree = "<group>"; };
		4BC70D322C6258B300BB41DF /* UsernameField.swift */ = {isa = PBXFileReference; lastKnownFileType = sourcecode.swift; path = UsernameField.swift; sourceTree = "<group>"; };
		4BC70D342C625A7100BB41DF /* SubmitButton.swift */ = {isa = PBXFileReference; lastKnownFileType = sourcecode.swift; path = SubmitButton.swift; sourceTree = "<group>"; };
		4BC70D382C626F4400BB41DF /* NavBarElements.swift */ = {isa = PBXFileReference; lastKnownFileType = sourcecode.swift; path = NavBarElements.swift; sourceTree = "<group>"; };
		4BC70D3A2C629B3300BB41DF /* SupportArea.swift */ = {isa = PBXFileReference; lastKnownFileType = sourcecode.swift; path = SupportArea.swift; sourceTree = "<group>"; };
		4BC70D3C2C629C1F00BB41DF /* VerifyButton.swift */ = {isa = PBXFileReference; lastKnownFileType = sourcecode.swift; path = VerifyButton.swift; sourceTree = "<group>"; };
		4BC70D3E2C629F4200BB41DF /* CodeInputPlatforms.swift */ = {isa = PBXFileReference; lastKnownFileType = sourcecode.swift; path = CodeInputPlatforms.swift; sourceTree = "<group>"; };
		4BC70D402C62AE9D00BB41DF /* ColorExtension.swift */ = {isa = PBXFileReference; lastKnownFileType = sourcecode.swift; path = ColorExtension.swift; sourceTree = "<group>"; };
		4BE4E99B2C7633B1007684CC /* GrayGradient.swift */ = {isa = PBXFileReference; lastKnownFileType = sourcecode.swift; path = GrayGradient.swift; sourceTree = "<group>"; };
		4BE4E9B22C777741007684CC /* LoginScreen.swift */ = {isa = PBXFileReference; lastKnownFileType = sourcecode.swift; path = LoginScreen.swift; sourceTree = "<group>"; };
		4BE4E9B52C777815007684CC /* AuthHeader.swift */ = {isa = PBXFileReference; lastKnownFileType = sourcecode.swift; path = AuthHeader.swift; sourceTree = "<group>"; };
		4BE4E9B72C777A04007684CC /* AuthTextField.swift */ = {isa = PBXFileReference; lastKnownFileType = sourcecode.swift; path = AuthTextField.swift; sourceTree = "<group>"; };
		4BE4E9BA2C778120007684CC /* AuthButton.swift */ = {isa = PBXFileReference; lastKnownFileType = sourcecode.swift; path = AuthButton.swift; sourceTree = "<group>"; };
		4BE4E9BC2C779FED007684CC /* SignUpScreen.swift */ = {isa = PBXFileReference; lastKnownFileType = sourcecode.swift; path = SignUpScreen.swift; sourceTree = "<group>"; };
		4BE4E9BF2C77AA58007684CC /* AuthScreenModel.swift */ = {isa = PBXFileReference; lastKnownFileType = sourcecode.swift; path = AuthScreenModel.swift; sourceTree = "<group>"; };
		4BE4E9C22C78E62D007684CC /* AuthProvider.swift */ = {isa = PBXFileReference; lastKnownFileType = sourcecode.swift; path = AuthProvider.swift; sourceTree = "<group>"; };
		4BE4E9C82C78F706007684CC /* GoogleService-Info.plist */ = {isa = PBXFileReference; fileEncoding = 4; lastKnownFileType = text.plist.xml; path = "GoogleService-Info.plist"; sourceTree = "<group>"; };
		4BE4E9CC2C7A297B007684CC /* RootScreen.swift */ = {isa = PBXFileReference; lastKnownFileType = sourcecode.swift; path = RootScreen.swift; sourceTree = "<group>"; };
		4BE4E9CF2C7A29AC007684CC /* RootScreenModel.swift */ = {isa = PBXFileReference; lastKnownFileType = sourcecode.swift; path = RootScreenModel.swift; sourceTree = "<group>"; };
		4BE4E9D42C7A4BE1007684CC /* UserItem.swift */ = {isa = PBXFileReference; lastKnownFileType = sourcecode.swift; path = UserItem.swift; sourceTree = "<group>"; };
		4BE4E9D72C7A4CFE007684CC /* FirebaseConstants.swift */ = {isa = PBXFileReference; lastKnownFileType = sourcecode.swift; path = FirebaseConstants.swift; sourceTree = "<group>"; };
		4BE4E9DB2C7CD14D007684CC /* ChatPartnerPickerView.swift */ = {isa = PBXFileReference; lastKnownFileType = sourcecode.swift; path = ChatPartnerPickerView.swift; sourceTree = "<group>"; };
		4BE4E9DD2C7CD926007684CC /* ChatPartnerRow.swift */ = {isa = PBXFileReference; lastKnownFileType = sourcecode.swift; path = ChatPartnerRow.swift; sourceTree = "<group>"; };
		4BE4E9E12C7CE428007684CC /* ChatPartnerPickerViewModel.swift */ = {isa = PBXFileReference; lastKnownFileType = sourcecode.swift; path = ChatPartnerPickerViewModel.swift; sourceTree = "<group>"; };
		4BE4E9E32C7CE875007684CC /* AddGroupChatPartnerView.swift */ = {isa = PBXFileReference; lastKnownFileType = sourcecode.swift; path = AddGroupChatPartnerView.swift; sourceTree = "<group>"; };
		4BF094162C6E559E000E305F /* CropView.swift */ = {isa = PBXFileReference; lastKnownFileType = sourcecode.swift; path = CropView.swift; sourceTree = "<group>"; };
		4BF094182C6E585E000E305F /* PickerExtensions.swift */ = {isa = PBXFileReference; lastKnownFileType = sourcecode.swift; path = PickerExtensions.swift; sourceTree = "<group>"; };
		4BF0941B2C6FA4B6000E305F /* FinalScreenView.swift */ = {isa = PBXFileReference; lastKnownFileType = sourcecode.swift; path = FinalScreenView.swift; sourceTree = "<group>"; };
		4BF0941D2C6FA4DA000E305F /* TestView.swift */ = {isa = PBXFileReference; lastKnownFileType = sourcecode.swift; path = TestView.swift; sourceTree = "<group>"; };
		4BF0941F2C6FCC9F000E305F /* TimerView.swift */ = {isa = PBXFileReference; lastKnownFileType = sourcecode.swift; path = TimerView.swift; sourceTree = "<group>"; };
		4BF094242C70FF42000E305F /* MainTabView.swift */ = {isa = PBXFileReference; lastKnownFileType = sourcecode.swift; path = MainTabView.swift; sourceTree = "<group>"; };
		4BF094272C710203000E305F /* MainTabViewExtension.swift */ = {isa = PBXFileReference; lastKnownFileType = sourcecode.swift; path = MainTabViewExtension.swift; sourceTree = "<group>"; };
		4BF0942C2C7126CA000E305F /* ChatsTabView.swift */ = {isa = PBXFileReference; lastKnownFileType = sourcecode.swift; path = ChatsTabView.swift; sourceTree = "<group>"; };
		4BF094312C712C53000E305F /* ChatScreenRow.swift */ = {isa = PBXFileReference; lastKnownFileType = sourcecode.swift; path = ChatScreenRow.swift; sourceTree = "<group>"; };
		4BF626232C669C5500FF77B9 /* TappedFieldTextChange.swift */ = {isa = PBXFileReference; lastKnownFileType = sourcecode.swift; path = TappedFieldTextChange.swift; sourceTree = "<group>"; };
/* End PBXFileReference section */

/* Begin PBXFrameworksBuildPhase section */
		4B74F4212C529E8F008C8393 /* Frameworks */ = {
			isa = PBXFrameworksBuildPhase;
			buildActionMask = 2147483647;
			files = (
				4BE4E9AB2C766DF2007684CC /* FirebaseAnalytics in Frameworks */,
				4BE4E9A12C766955007684CC /* FirebaseDatabase in Frameworks */,
				4BE4E9AF2C766E0F007684CC /* FirebasePerformance in Frameworks */,
				4BE4E9A52C766955007684CC /* FirebaseMessaging in Frameworks */,
				4BE4E99F2C766955007684CC /* FirebaseAuth in Frameworks */,
				4BE4E9AD2C766DFB007684CC /* FirebaseCrashlytics in Frameworks */,
				4BE4E9A32C766955007684CC /* FirebaseDynamicLinks in Frameworks */,
				4BE4E9A72C766955007684CC /* FirebaseStorage in Frameworks */,
			);
			runOnlyForDeploymentPostprocessing = 0;
		};
/* End PBXFrameworksBuildPhase section */

/* Begin PBXGroup section */
		4B0FE4AC2C71F055004D10F0 /* SettingsScreen */ = {
			isa = PBXGroup;
			children = (
				4B0FE4AF2C71F079004D10F0 /* Views */,
				4B0FE4AE2C71F072004D10F0 /* SubViews */,
				4B0FE4AD2C71F062004D10F0 /* Extensions */,
				4B0FE4B22C71F252004D10F0 /* Model */,
			);
			path = SettingsScreen;
			sourceTree = "<group>";
		};
		4B0FE4AD2C71F062004D10F0 /* Extensions */ = {
			isa = PBXGroup;
			children = (
			);
			path = Extensions;
			sourceTree = "<group>";
		};
		4B0FE4AE2C71F072004D10F0 /* SubViews */ = {
			isa = PBXGroup;
			children = (
				4B0FE4B72C722504004D10F0 /* SettingsHeaderView.swift */,
				4B0FE4B52C721CAA004D10F0 /* SettingsRowItemView.swift */,
			);
			path = SubViews;
			sourceTree = "<group>";
		};
		4B0FE4AF2C71F079004D10F0 /* Views */ = {
			isa = PBXGroup;
			children = (
				4B0FE4B02C71F0C7004D10F0 /* SettingsScreenView.swift */,
			);
			path = Views;
			sourceTree = "<group>";
		};
		4B0FE4B22C71F252004D10F0 /* Model */ = {
			isa = PBXGroup;
			children = (
				4B0FE4B32C71F268004D10F0 /* SettingsRowItemModel.swift */,
			);
			path = Model;
			sourceTree = "<group>";
		};
		4B0FE4C22C7383C4004D10F0 /* TextInputArea */ = {
			isa = PBXGroup;
			children = (
				4B0FE4BF2C738390004D10F0 /* TextInputArea.swift */,
				4B0FE4C52C738429004D10F0 /* TextInputAreaExtensions.swift */,
			);
			path = TextInputArea;
			sourceTree = "<group>";
		};
		4B0FE4CB2C73AFD4004D10F0 /* Model */ = {
			isa = PBXGroup;
			children = (
				4B0FE4CC2C73AFEC004D10F0 /* MessageItemModel.swift */,
			);
			path = Model;
			sourceTree = "<group>";
		};
		4B0FE4D42C74E5CF004D10F0 /* Messages */ = {
			isa = PBXGroup;
			children = (
				4B0FE4D52C74E5DF004D10F0 /* Views */,
				4B0FE4D62C74E5E6004D10F0 /* Subviews */,
				4B0FE4CB2C73AFD4004D10F0 /* Model */,
				4B0FE4C72C739A53004D10F0 /* MessageListController.swift */,
			);
			path = Messages;
			sourceTree = "<group>";
		};
		4B0FE4D52C74E5DF004D10F0 /* Views */ = {
			isa = PBXGroup;
			children = (
				4B0FE4C92C739D8A004D10F0 /* MessageListView.swift */,
			);
			path = Views;
			sourceTree = "<group>";
		};
		4B0FE4D62C74E5E6004D10F0 /* Subviews */ = {
			isa = PBXGroup;
			children = (
				4B0FE4CE2C73B15F004D10F0 /* BubbleText.swift */,
				4B0FE4D02C74CF0B004D10F0 /* BubbleTail.swift */,
				4B0FE4D22C74D15C004D10F0 /* BubbleTailModifier.swift */,
				4B0FE4D72C74EB5D004D10F0 /* BubbleImage.swift */,
				4B0FE4D92C7500B7004D10F0 /* BubbleAudio.swift */,
			);
			path = Subviews;
			sourceTree = "<group>";
		};
		4B382FF72C5D30A30094FA11 /* Extensions */ = {
			isa = PBXGroup;
			children = (
				4B382FF82C5D30C00094FA11 /* RoundedCorner.swift */,
				4BC70D402C62AE9D00BB41DF /* ColorExtension.swift */,
			);
			path = Extensions;
			sourceTree = "<group>";
		};
		4B74F41B2C529E8F008C8393 = {
			isa = PBXGroup;
			children = (
				4B74F4272C529E8F008C8393 /* TalkToMeApp.swift */,
				4B74F4292C529E8F008C8393 /* GeneralView.swift */,
				4B74F4262C529E8F008C8393 /* TalkToMe */,
				4B74F4252C529E8F008C8393 /* Products */,
				4BC70D202C5FCBE400BB41DF /* Frameworks */,
			);
			sourceTree = "<group>";
		};
		4B74F4252C529E8F008C8393 /* Products */ = {
			isa = PBXGroup;
			children = (
				4B74F4242C529E8F008C8393 /* TalkToMe.app */,
			);
			name = Products;
			sourceTree = "<group>";
		};
		4B74F4262C529E8F008C8393 /* TalkToMe */ = {
			isa = PBXGroup;
			children = (
				4BE4E9C82C78F706007684CC /* GoogleService-Info.plist */,
				4BC70D232C5FCBFE00BB41DF /* Info.plist */,
				4B74F4352C529F76008C8393 /* Screens */,
				4B74F4542C5690F3008C8393 /* Components */,
				4B382FF72C5D30A30094FA11 /* Extensions */,
				4B74F4452C541221008C8393 /* Helper */,
				4B74F42B2C529E90008C8393 /* Assets.xcassets */,
				4B74F42D2C529E90008C8393 /* Preview Content */,
			);
			path = TalkToMe;
			sourceTree = "<group>";
		};
		4B74F42D2C529E90008C8393 /* Preview Content */ = {
			isa = PBXGroup;
			children = (
				4B74F42E2C529E90008C8393 /* Preview Assets.xcassets */,
			);
			path = "Preview Content";
			sourceTree = "<group>";
		};
		4B74F4352C529F76008C8393 /* Screens */ = {
			isa = PBXGroup;
			children = (
				4BE4E9CA2C7A296B007684CC /* Root */,
				4B74F46D2C5AA393008C8393 /* IntroScreen */,
				4B74F43E2C52C8EC008C8393 /* AuthScreens */,
				4BF094212C70FF1D000E305F /* MainTabScreen */,
				4BF094292C712698000E305F /* ChatsCsreen */,
				4B0FE4AC2C71F055004D10F0 /* SettingsScreen */,
			);
			path = Screens;
			sourceTree = "<group>";
		};
		4B74F43E2C52C8EC008C8393 /* AuthScreens */ = {
			isa = PBXGroup;
			children = (
				4BE4E9B02C7776CC007684CC /* EmailRegistration */,
				4B74F4572C56921E008C8393 /* OTPRegistration */,
				4BF0941A2C6FA47D000E305F /* FinalRegisterScreen */,
			);
			path = AuthScreens;
			sourceTree = "<group>";
		};
		4B74F4452C541221008C8393 /* Helper */ = {
			isa = PBXGroup;
			children = (
			);
			path = Helper;
			sourceTree = "<group>";
		};
		4B74F4542C5690F3008C8393 /* Components */ = {
			isa = PBXGroup;
			children = (
				4B74F4552C56910F008C8393 /* IntroGradient.swift */,
				4BC70D2C2C61119600BB41DF /* OpacityBackgroundLogo.swift */,
				4BE4E99B2C7633B1007684CC /* GrayGradient.swift */,
			);
			path = Components;
			sourceTree = "<group>";
		};
		4B74F4572C56921E008C8393 /* OTPRegistration */ = {
			isa = PBXGroup;
			children = (
				4BF626252C6A3ACB00FF77B9 /* Views */,
				4BF626262C6A3AE200FF77B9 /* ViewModels */,
				4BC70D1F2C5FC93D00BB41DF /* CountryPicker */,
			);
			path = OTPRegistration;
			sourceTree = "<group>";
		};
		4B74F4652C57EF6A008C8393 /* Models */ = {
			isa = PBXGroup;
			children = (
				4B74F4662C57EF73008C8393 /* Page.swift */,
			);
			path = Models;
			sourceTree = "<group>";
		};
		4B74F46A2C57F8C1008C8393 /* Views */ = {
			isa = PBXGroup;
			children = (
				4B74F4682C57F7BB008C8393 /* IntroView.swift */,
			);
			path = Views;
			sourceTree = "<group>";
		};
		4B74F46D2C5AA393008C8393 /* IntroScreen */ = {
			isa = PBXGroup;
			children = (
				4B74F46A2C57F8C1008C8393 /* Views */,
				4BF6262E2C6A3DD200FF77B9 /* SubViews */,
				4B74F4652C57EF6A008C8393 /* Models */,
			);
			path = IntroScreen;
			sourceTree = "<group>";
		};
		4BC70D1F2C5FC93D00BB41DF /* CountryPicker */ = {
			isa = PBXGroup;
			children = (
				4BF626302C6A468700FF77B9 /* Views */,
				4BF626312C6A469E00FF77B9 /* ViewModel */,
			);
			path = CountryPicker;
			sourceTree = "<group>";
		};
		4BC70D202C5FCBE400BB41DF /* Frameworks */ = {
			isa = PBXGroup;
			children = (
				4BC70D212C5FCBE400BB41DF /* UserNotifications.framework */,
			);
			name = Frameworks;
			sourceTree = "<group>";
		};
		4BC70D292C610DE300BB41DF /* CreateNewUser */ = {
			isa = PBXGroup;
			children = (
				4BF6262D2C6A3D4700FF77B9 /* Views */,
				4BF6262C2C6A3D4000FF77B9 /* SubViews */,
				4BF626342C6A62FD00FF77B9 /* CropImagePicker */,
			);
			path = CreateNewUser;
			sourceTree = "<group>";
		};
		4BE4E9B02C7776CC007684CC /* EmailRegistration */ = {
			isa = PBXGroup;
			children = (
				4BE4E9B12C777738007684CC /* Views */,
				4BE4E9B42C7777FD007684CC /* Subviews */,
				4BE4E9D62C7A4CAD007684CC /* Utils */,
				4BE4E9C12C78E60D007684CC /* Services */,
				4BE4E9B92C77810E007684CC /* Components */,
				4BE4E9D32C7A4B47007684CC /* Models */,
			);
			path = EmailRegistration;
			sourceTree = "<group>";
		};
		4BE4E9B12C777738007684CC /* Views */ = {
			isa = PBXGroup;
			children = (
				4BE4E9B22C777741007684CC /* LoginScreen.swift */,
				4BE4E9BC2C779FED007684CC /* SignUpScreen.swift */,
			);
			path = Views;
			sourceTree = "<group>";
		};
		4BE4E9B42C7777FD007684CC /* Subviews */ = {
			isa = PBXGroup;
			children = (
				4BE4E9B52C777815007684CC /* AuthHeader.swift */,
				4BE4E9B72C777A04007684CC /* AuthTextField.swift */,
			);
			path = Subviews;
			sourceTree = "<group>";
		};
		4BE4E9B92C77810E007684CC /* Components */ = {
			isa = PBXGroup;
			children = (
				4BE4E9BA2C778120007684CC /* AuthButton.swift */,
			);
			path = Components;
			sourceTree = "<group>";
		};
		4BE4E9C12C78E60D007684CC /* Services */ = {
			isa = PBXGroup;
			children = (
				4BE4E9C22C78E62D007684CC /* AuthProvider.swift */,
			);
			path = Services;
			sourceTree = "<group>";
		};
		4BE4E9CA2C7A296B007684CC /* Root */ = {
			isa = PBXGroup;
			children = (
				4BE4E9CE2C7A298E007684CC /* ViewModel */,
				4BE4E9CB2C7A296F007684CC /* Views */,
			);
			path = Root;
			sourceTree = "<group>";
		};
		4BE4E9CB2C7A296F007684CC /* Views */ = {
			isa = PBXGroup;
			children = (
				4BE4E9CC2C7A297B007684CC /* RootScreen.swift */,
			);
			path = Views;
			sourceTree = "<group>";
		};
		4BE4E9CE2C7A298E007684CC /* ViewModel */ = {
			isa = PBXGroup;
			children = (
				4BE4E9CF2C7A29AC007684CC /* RootScreenModel.swift */,
			);
			path = ViewModel;
			sourceTree = "<group>";
		};
		4BE4E9D32C7A4B47007684CC /* Models */ = {
			isa = PBXGroup;
			children = (
				4BE4E9BF2C77AA58007684CC /* AuthScreenModel.swift */,
				4BE4E9D42C7A4BE1007684CC /* UserItem.swift */,
			);
			path = Models;
			sourceTree = "<group>";
		};
		4BE4E9D62C7A4CAD007684CC /* Utils */ = {
			isa = PBXGroup;
			children = (
				4BE4E9D72C7A4CFE007684CC /* FirebaseConstants.swift */,
			);
			path = Utils;
			sourceTree = "<group>";
		};
		4BE4E9DF2C7CDF45007684CC /* ChatPartnerRow */ = {
			isa = PBXGroup;
			children = (
				4BE4E9DD2C7CD926007684CC /* ChatPartnerRow.swift */,
			);
			path = ChatPartnerRow;
			sourceTree = "<group>";
		};
		4BE4E9E02C7CE3FD007684CC /* ViewModel */ = {
			isa = PBXGroup;
			children = (
				4BE4E9E12C7CE428007684CC /* ChatPartnerPickerViewModel.swift */,
			);
			path = ViewModel;
			sourceTree = "<group>";
		};
		4BF0941A2C6FA47D000E305F /* FinalRegisterScreen */ = {
			isa = PBXGroup;
			children = (
				4BF0941B2C6FA4B6000E305F /* FinalScreenView.swift */,
				4BF0941D2C6FA4DA000E305F /* TestView.swift */,
			);
			path = FinalRegisterScreen;
			sourceTree = "<group>";
		};
		4BF094212C70FF1D000E305F /* MainTabScreen */ = {
			isa = PBXGroup;
			children = (
				4BF094232C70FF34000E305F /* Views */,
				4BF094222C70FF2C000E305F /* SubViews */,
				4BF094262C7101E2000E305F /* Extensions */,
			);
			path = MainTabScreen;
			sourceTree = "<group>";
		};
		4BF094222C70FF2C000E305F /* SubViews */ = {
			isa = PBXGroup;
			children = (
			);
			path = SubViews;
			sourceTree = "<group>";
		};
		4BF094232C70FF34000E305F /* Views */ = {
			isa = PBXGroup;
			children = (
				4BF094242C70FF42000E305F /* MainTabView.swift */,
			);
			path = Views;
			sourceTree = "<group>";
		};
		4BF094262C7101E2000E305F /* Extensions */ = {
			isa = PBXGroup;
			children = (
				4BF094272C710203000E305F /* MainTabViewExtension.swift */,
			);
			path = Extensions;
			sourceTree = "<group>";
		};
		4BF094292C712698000E305F /* ChatsCsreen */ = {
			isa = PBXGroup;
			children = (
				4BF0942B2C7126AB000E305F /* Views */,
				4BF0942A2C7126A4000E305F /* SubViews */,
				4B0FE4D42C74E5CF004D10F0 /* Messages */,
				4BE4E9E02C7CE3FD007684CC /* ViewModel */,
			);
			path = ChatsCsreen;
			sourceTree = "<group>";
		};
		4BF0942A2C7126A4000E305F /* SubViews */ = {
			isa = PBXGroup;
			children = (
				4BE4E9DF2C7CDF45007684CC /* ChatPartnerRow */,
				4BF094332C712D06000E305F /* ChatScreenRow */,
				4B0FE4C22C7383C4004D10F0 /* TextInputArea */,
			);
			path = SubViews;
			sourceTree = "<group>";
		};
		4BF0942B2C7126AB000E305F /* Views */ = {
			isa = PBXGroup;
			children = (
				4BF0942C2C7126CA000E305F /* ChatsTabView.swift */,
				4B0FE4BB2C73807C004D10F0 /* ChatRoomView.swift */,
				4BE4E9DB2C7CD14D007684CC /* ChatPartnerPickerView.swift */,
				4BE4E9E32C7CE875007684CC /* AddGroupChatPartnerView.swift */,
			);
			path = Views;
			sourceTree = "<group>";
		};
		4BF094332C712D06000E305F /* ChatScreenRow */ = {
			isa = PBXGroup;
			children = (
				4BF094312C712C53000E305F /* ChatScreenRow.swift */,
			);
			path = ChatScreenRow;
			sourceTree = "<group>";
		};
		4BF626252C6A3ACB00FF77B9 /* Views */ = {
			isa = PBXGroup;
			children = (
				4BF626282C6A3B6900FF77B9 /* PhoneNumberInput */,
				4BF626292C6A3C0300FF77B9 /* PhoneVerifyCode */,
				4BC70D292C610DE300BB41DF /* CreateNewUser */,
			);
			path = Views;
			sourceTree = "<group>";
		};
		4BF626262C6A3AE200FF77B9 /* ViewModels */ = {
			isa = PBXGroup;
			children = (
				4B74F44B2C556812008C8393 /* OTPViewModel.swift */,
			);
			path = ViewModels;
			sourceTree = "<group>";
		};
		4BF626272C6A3B2900FF77B9 /* SubViews */ = {
			isa = PBXGroup;
			children = (
				4B382FFD2C5D64750094FA11 /* NavPlaceHolder.swift */,
				4B382FFF2C5D65260094FA11 /* PhoneNumberInputField.swift */,
				4BC70D242C5FCF3700BB41DF /* ContinueButton.swift */,
			);
			path = SubViews;
			sourceTree = "<group>";
		};
		4BF626282C6A3B6900FF77B9 /* PhoneNumberInput */ = {
			isa = PBXGroup;
			children = (
				4B74F4482C556131008C8393 /* OTPPhoneNumberInputView.swift */,
				4BF626272C6A3B2900FF77B9 /* SubViews */,
			);
			path = PhoneNumberInput;
			sourceTree = "<group>";
		};
		4BF626292C6A3C0300FF77B9 /* PhoneVerifyCode */ = {
			isa = PBXGroup;
			children = (
				4BF6262A2C6A3C0F00FF77B9 /* Views */,
				4BF6262B2C6A3C1500FF77B9 /* SubViews */,
			);
			path = PhoneVerifyCode;
			sourceTree = "<group>";
		};
		4BF6262A2C6A3C0F00FF77B9 /* Views */ = {
			isa = PBXGroup;
			children = (
				4B74F4502C565402008C8393 /* OTPPhoneVerifyCodeView.swift */,
			);
			path = Views;
			sourceTree = "<group>";
		};
		4BF6262B2C6A3C1500FF77B9 /* SubViews */ = {
			isa = PBXGroup;
			children = (
				4BC70D382C626F4400BB41DF /* NavBarElements.swift */,
				4BC70D3A2C629B3300BB41DF /* SupportArea.swift */,
				4BC70D3C2C629C1F00BB41DF /* VerifyButton.swift */,
				4BC70D3E2C629F4200BB41DF /* CodeInputPlatforms.swift */,
				4BF0941F2C6FCC9F000E305F /* TimerView.swift */,
			);
			path = SubViews;
			sourceTree = "<group>";
		};
		4BF6262C2C6A3D4000FF77B9 /* SubViews */ = {
			isa = PBXGroup;
			children = (
				4BC70D2E2C62572500BB41DF /* NavigationTextArea.swift */,
				4BC70D302C6257B600BB41DF /* UserAvatar.swift */,
				4BC70D322C6258B300BB41DF /* UsernameField.swift */,
				4BC70D342C625A7100BB41DF /* SubmitButton.swift */,
				4BF626232C669C5500FF77B9 /* TappedFieldTextChange.swift */,
			);
			path = SubViews;
			sourceTree = "<group>";
		};
		4BF6262D2C6A3D4700FF77B9 /* Views */ = {
			isa = PBXGroup;
			children = (
				4BC70D2A2C610E1100BB41DF /* CreateUserScreenView.swift */,
			);
			path = Views;
			sourceTree = "<group>";
		};
		4BF6262E2C6A3DD200FF77B9 /* SubViews */ = {
			isa = PBXGroup;
			children = (
				4B74F46B2C57F8DC008C8393 /* MorphingSymbolView.swift */,
				4B74F46E2C5AA40B008C8393 /* TextTabHolderView.swift */,
				4B74F4702C5AA525008C8393 /* ContinueButtonView.swift */,
				4B74F4722C5AA5DA008C8393 /* HeaderView.swift */,
				4B74F4742C5AA625008C8393 /* IndicatorView.swift */,
			);
			path = SubViews;
			sourceTree = "<group>";
		};
		4BF626302C6A468700FF77B9 /* Views */ = {
			isa = PBXGroup;
			children = (
				4B3830012C5D65CE0094FA11 /* CountryPickerView.swift */,
				4B382FF12C5C0A050094FA11 /* CountryPickerSearchView.swift */,
			);
			path = Views;
			sourceTree = "<group>";
		};
		4BF626312C6A469E00FF77B9 /* ViewModel */ = {
			isa = PBXGroup;
			children = (
				4B382FEF2C5C09E40094FA11 /* CountryPickerViewModel.swift */,
			);
			path = ViewModel;
			sourceTree = "<group>";
		};
		4BF626342C6A62FD00FF77B9 /* CropImagePicker */ = {
			isa = PBXGroup;
			children = (
				4BF626352C6A630300FF77B9 /* View */,
				4BF094182C6E585E000E305F /* PickerExtensions.swift */,
			);
			path = CropImagePicker;
			sourceTree = "<group>";
		};
		4BF626352C6A630300FF77B9 /* View */ = {
			isa = PBXGroup;
			children = (
				4BF094162C6E559E000E305F /* CropView.swift */,
				4B366BBF2C6D2872001D5D63 /* CameraView.swift */,
			);
			path = View;
			sourceTree = "<group>";
		};
/* End PBXGroup section */

/* Begin PBXNativeTarget section */
		4B74F4232C529E8F008C8393 /* TalkToMe */ = {
			isa = PBXNativeTarget;
			buildConfigurationList = 4B74F4322C529E90008C8393 /* Build configuration list for PBXNativeTarget "TalkToMe" */;
			buildPhases = (
				4B74F4202C529E8F008C8393 /* Sources */,
				4B74F4212C529E8F008C8393 /* Frameworks */,
				4B74F4222C529E8F008C8393 /* Resources */,
			);
			buildRules = (
			);
			dependencies = (
			);
			name = TalkToMe;
			packageProductDependencies = (
				4BE4E99E2C766955007684CC /* FirebaseAuth */,
				4BE4E9A02C766955007684CC /* FirebaseDatabase */,
				4BE4E9A22C766955007684CC /* FirebaseDynamicLinks */,
				4BE4E9A42C766955007684CC /* FirebaseMessaging */,
				4BE4E9A62C766955007684CC /* FirebaseStorage */,
				4BE4E9AA2C766DF2007684CC /* FirebaseAnalytics */,
				4BE4E9AC2C766DFB007684CC /* FirebaseCrashlytics */,
				4BE4E9AE2C766E0F007684CC /* FirebasePerformance */,
			);
			productName = TalkToMe;
			productReference = 4B74F4242C529E8F008C8393 /* TalkToMe.app */;
			productType = "com.apple.product-type.application";
		};
/* End PBXNativeTarget section */

/* Begin PBXProject section */
		4B74F41C2C529E8F008C8393 /* Project object */ = {
			isa = PBXProject;
			attributes = {
				BuildIndependentTargetsInParallel = 1;
				LastSwiftUpdateCheck = 1540;
				LastUpgradeCheck = 1540;
				TargetAttributes = {
					4B74F4232C529E8F008C8393 = {
						CreatedOnToolsVersion = 15.4;
					};
				};
			};
			buildConfigurationList = 4B74F41F2C529E8F008C8393 /* Build configuration list for PBXProject "TalkToMe" */;
			compatibilityVersion = "Xcode 14.0";
			developmentRegion = en;
			hasScannedForEncodings = 0;
			knownRegions = (
				en,
				Base,
			);
			mainGroup = 4B74F41B2C529E8F008C8393;
			packageReferences = (
				4BE4E99D2C766955007684CC /* XCRemoteSwiftPackageReference "firebase-ios-sdk" */,
			);
			productRefGroup = 4B74F4252C529E8F008C8393 /* Products */;
			projectDirPath = "";
			projectRoot = "";
			targets = (
				4B74F4232C529E8F008C8393 /* TalkToMe */,
			);
		};
/* End PBXProject section */

/* Begin PBXResourcesBuildPhase section */
		4B74F4222C529E8F008C8393 /* Resources */ = {
			isa = PBXResourcesBuildPhase;
			buildActionMask = 2147483647;
			files = (
				4B74F42F2C529E90008C8393 /* Preview Assets.xcassets in Resources */,
				4B74F42C2C529E90008C8393 /* Assets.xcassets in Resources */,
				4BE4E9C92C78F706007684CC /* GoogleService-Info.plist in Resources */,
			);
			runOnlyForDeploymentPostprocessing = 0;
		};
/* End PBXResourcesBuildPhase section */

/* Begin PBXSourcesBuildPhase section */
		4B74F4202C529E8F008C8393 /* Sources */ = {
			isa = PBXSourcesBuildPhase;
			buildActionMask = 2147483647;
			files = (
				4B74F4512C565402008C8393 /* OTPPhoneVerifyCodeView.swift in Sources */,
				4BE4E9D02C7A29AC007684CC /* RootScreenModel.swift in Sources */,
				4BF094282C710203000E305F /* MainTabViewExtension.swift in Sources */,
				4BE4E9BD2C779FED007684CC /* SignUpScreen.swift in Sources */,
				4BE4E9B62C777815007684CC /* AuthHeader.swift in Sources */,
				4BF0941E2C6FA4DA000E305F /* TestView.swift in Sources */,
				4B0FE4D32C74D15C004D10F0 /* BubbleTailModifier.swift in Sources */,
				4B0FE4CA2C739D8A004D10F0 /* MessageListView.swift in Sources */,
				4BF094192C6E585E000E305F /* PickerExtensions.swift in Sources */,
				4B74F46F2C5AA40B008C8393 /* TextTabHolderView.swift in Sources */,
				4BC70D2D2C61119600BB41DF /* OpacityBackgroundLogo.swift in Sources */,
				4B366BC02C6D2872001D5D63 /* CameraView.swift in Sources */,
				4B74F42A2C529E8F008C8393 /* GeneralView.swift in Sources */,
				4B0FE4B62C721CAA004D10F0 /* SettingsRowItemView.swift in Sources */,
				4B382FFE2C5D64750094FA11 /* NavPlaceHolder.swift in Sources */,
				4B74F44C2C556812008C8393 /* OTPViewModel.swift in Sources */,
				4B74F4672C57EF73008C8393 /* Page.swift in Sources */,
				4BF094202C6FCC9F000E305F /* TimerView.swift in Sources */,
				4BE4E9E22C7CE428007684CC /* ChatPartnerPickerViewModel.swift in Sources */,
				4B0FE4D82C74EB5D004D10F0 /* BubbleImage.swift in Sources */,
				4BF0942D2C7126CA000E305F /* ChatsTabView.swift in Sources */,
				4BE4E9C02C77AA58007684CC /* AuthScreenModel.swift in Sources */,
				4B0FE4CD2C73AFEC004D10F0 /* MessageItemModel.swift in Sources */,
				4B382FF92C5D30C00094FA11 /* RoundedCorner.swift in Sources */,
				4B0FE4C02C738390004D10F0 /* TextInputArea.swift in Sources */,
				4BC70D392C626F4400BB41DF /* NavBarElements.swift in Sources */,
				4B0FE4CF2C73B15F004D10F0 /* BubbleText.swift in Sources */,
				4BE4E9D82C7A4CFE007684CC /* FirebaseConstants.swift in Sources */,
				4BE4E9BB2C778120007684CC /* AuthButton.swift in Sources */,
				4BC70D312C6257B600BB41DF /* UserAvatar.swift in Sources */,
				4B0FE4BC2C73807C004D10F0 /* ChatRoomView.swift in Sources */,
				4BF094322C712C53000E305F /* ChatScreenRow.swift in Sources */,
				4B74F4752C5AA625008C8393 /* IndicatorView.swift in Sources */,
				4B0FE4C82C739A53004D10F0 /* MessageListController.swift in Sources */,
				4BC70D412C62AE9D00BB41DF /* ColorExtension.swift in Sources */,
				4B382FF02C5C09E40094FA11 /* CountryPickerViewModel.swift in Sources */,
				4BF626242C669C5500FF77B9 /* TappedFieldTextChange.swift in Sources */,
				4BE4E9B82C777A04007684CC /* AuthTextField.swift in Sources */,
				4BE4E9CD2C7A297B007684CC /* RootScreen.swift in Sources */,
				4B0FE4B82C722504004D10F0 /* SettingsHeaderView.swift in Sources */,
				4BC70D3F2C629F4200BB41DF /* CodeInputPlatforms.swift in Sources */,
				4BE4E9D52C7A4BE1007684CC /* UserItem.swift in Sources */,
				4BE4E99C2C7633B1007684CC /* GrayGradient.swift in Sources */,
				4BC70D2F2C62572500BB41DF /* NavigationTextArea.swift in Sources */,
				4BF094252C70FF42000E305F /* MainTabView.swift in Sources */,
				4B74F4562C56910F008C8393 /* IntroGradient.swift in Sources */,
				4B0FE4D12C74CF0B004D10F0 /* BubbleTail.swift in Sources */,
				4B74F4282C529E8F008C8393 /* TalkToMeApp.swift in Sources */,
				4BC70D3D2C629C1F00BB41DF /* VerifyButton.swift in Sources */,
				4BC70D3B2C629B3300BB41DF /* SupportArea.swift in Sources */,
				4B0FE4B12C71F0C7004D10F0 /* SettingsScreenView.swift in Sources */,
				4B382FF22C5C0A050094FA11 /* CountryPickerSearchView.swift in Sources */,
				4BE4E9DC2C7CD14D007684CC /* ChatPartnerPickerView.swift in Sources */,
				4B0FE4B42C71F268004D10F0 /* SettingsRowItemModel.swift in Sources */,
				4B74F4712C5AA525008C8393 /* ContinueButtonView.swift in Sources */,
				4B74F4732C5AA5DA008C8393 /* HeaderView.swift in Sources */,
				4B74F46C2C57F8DC008C8393 /* MorphingSymbolView.swift in Sources */,
				4BC70D252C5FCF3700BB41DF /* ContinueButton.swift in Sources */,
				4B74F4492C556131008C8393 /* OTPPhoneNumberInputView.swift in Sources */,
				4B0FE4C62C738429004D10F0 /* TextInputAreaExtensions.swift in Sources */,
				4BC70D332C6258B300BB41DF /* UsernameField.swift in Sources */,
				4BE4E9DE2C7CD926007684CC /* ChatPartnerRow.swift in Sources */,
				4B0FE4DA2C7500B7004D10F0 /* BubbleAudio.swift in Sources */,
				4BE4E9B32C777741007684CC /* LoginScreen.swift in Sources */,
				4BE4E9C32C78E62D007684CC /* AuthProvider.swift in Sources */,
				4BF0941C2C6FA4B6000E305F /* FinalScreenView.swift in Sources */,
				4BC70D352C625A7100BB41DF /* SubmitButton.swift in Sources */,
				4BC70D2B2C610E1100BB41DF /* CreateUserScreenView.swift in Sources */,
				4BF094172C6E559E000E305F /* CropView.swift in Sources */,
				4B3830022C5D65CE0094FA11 /* CountryPickerView.swift in Sources */,
				4B3830002C5D65260094FA11 /* PhoneNumberInputField.swift in Sources */,
				4B74F4692C57F7BB008C8393 /* IntroView.swift in Sources */,
				4BE4E9E42C7CE875007684CC /* AddGroupChatPartnerView.swift in Sources */,
			);
			runOnlyForDeploymentPostprocessing = 0;
		};
/* End PBXSourcesBuildPhase section */

/* Begin XCBuildConfiguration section */
		4B74F4302C529E90008C8393 /* Debug */ = {
			isa = XCBuildConfiguration;
			buildSettings = {
				ALWAYS_SEARCH_USER_PATHS = NO;
				ASSETCATALOG_COMPILER_GENERATE_SWIFT_ASSET_SYMBOL_EXTENSIONS = YES;
				CLANG_ANALYZER_NONNULL = YES;
				CLANG_ANALYZER_NUMBER_OBJECT_CONVERSION = YES_AGGRESSIVE;
				CLANG_CXX_LANGUAGE_STANDARD = "gnu++20";
				CLANG_ENABLE_MODULES = YES;
				CLANG_ENABLE_OBJC_ARC = YES;
				CLANG_ENABLE_OBJC_WEAK = YES;
				CLANG_WARN_BLOCK_CAPTURE_AUTORELEASING = YES;
				CLANG_WARN_BOOL_CONVERSION = YES;
				CLANG_WARN_COMMA = YES;
				CLANG_WARN_CONSTANT_CONVERSION = YES;
				CLANG_WARN_DEPRECATED_OBJC_IMPLEMENTATIONS = YES;
				CLANG_WARN_DIRECT_OBJC_ISA_USAGE = YES_ERROR;
				CLANG_WARN_DOCUMENTATION_COMMENTS = YES;
				CLANG_WARN_EMPTY_BODY = YES;
				CLANG_WARN_ENUM_CONVERSION = YES;
				CLANG_WARN_INFINITE_RECURSION = YES;
				CLANG_WARN_INT_CONVERSION = YES;
				CLANG_WARN_NON_LITERAL_NULL_CONVERSION = YES;
				CLANG_WARN_OBJC_IMPLICIT_RETAIN_SELF = YES;
				CLANG_WARN_OBJC_LITERAL_CONVERSION = YES;
				CLANG_WARN_OBJC_ROOT_CLASS = YES_ERROR;
				CLANG_WARN_QUOTED_INCLUDE_IN_FRAMEWORK_HEADER = YES;
				CLANG_WARN_RANGE_LOOP_ANALYSIS = YES;
				CLANG_WARN_STRICT_PROTOTYPES = YES;
				CLANG_WARN_SUSPICIOUS_MOVE = YES;
				CLANG_WARN_UNGUARDED_AVAILABILITY = YES_AGGRESSIVE;
				CLANG_WARN_UNREACHABLE_CODE = YES;
				CLANG_WARN__DUPLICATE_METHOD_MATCH = YES;
				COPY_PHASE_STRIP = NO;
				DEBUG_INFORMATION_FORMAT = dwarf;
				ENABLE_STRICT_OBJC_MSGSEND = YES;
				ENABLE_TESTABILITY = YES;
				ENABLE_USER_SCRIPT_SANDBOXING = YES;
				GCC_C_LANGUAGE_STANDARD = gnu17;
				GCC_DYNAMIC_NO_PIC = NO;
				GCC_NO_COMMON_BLOCKS = YES;
				GCC_OPTIMIZATION_LEVEL = 0;
				GCC_PREPROCESSOR_DEFINITIONS = (
					"DEBUG=1",
					"$(inherited)",
				);
				GCC_WARN_64_TO_32_BIT_CONVERSION = YES;
				GCC_WARN_ABOUT_RETURN_TYPE = YES_ERROR;
				GCC_WARN_UNDECLARED_SELECTOR = YES;
				GCC_WARN_UNINITIALIZED_AUTOS = YES_AGGRESSIVE;
				GCC_WARN_UNUSED_FUNCTION = YES;
				GCC_WARN_UNUSED_VARIABLE = YES;
				IPHONEOS_DEPLOYMENT_TARGET = 17.5;
				LOCALIZATION_PREFERS_STRING_CATALOGS = YES;
				MTL_ENABLE_DEBUG_INFO = INCLUDE_SOURCE;
				MTL_FAST_MATH = YES;
				ONLY_ACTIVE_ARCH = YES;
				SDKROOT = iphoneos;
				SWIFT_ACTIVE_COMPILATION_CONDITIONS = "DEBUG $(inherited)";
				SWIFT_OPTIMIZATION_LEVEL = "-Onone";
			};
			name = Debug;
		};
		4B74F4312C529E90008C8393 /* Release */ = {
			isa = XCBuildConfiguration;
			buildSettings = {
				ALWAYS_SEARCH_USER_PATHS = NO;
				ASSETCATALOG_COMPILER_GENERATE_SWIFT_ASSET_SYMBOL_EXTENSIONS = YES;
				CLANG_ANALYZER_NONNULL = YES;
				CLANG_ANALYZER_NUMBER_OBJECT_CONVERSION = YES_AGGRESSIVE;
				CLANG_CXX_LANGUAGE_STANDARD = "gnu++20";
				CLANG_ENABLE_MODULES = YES;
				CLANG_ENABLE_OBJC_ARC = YES;
				CLANG_ENABLE_OBJC_WEAK = YES;
				CLANG_WARN_BLOCK_CAPTURE_AUTORELEASING = YES;
				CLANG_WARN_BOOL_CONVERSION = YES;
				CLANG_WARN_COMMA = YES;
				CLANG_WARN_CONSTANT_CONVERSION = YES;
				CLANG_WARN_DEPRECATED_OBJC_IMPLEMENTATIONS = YES;
				CLANG_WARN_DIRECT_OBJC_ISA_USAGE = YES_ERROR;
				CLANG_WARN_DOCUMENTATION_COMMENTS = YES;
				CLANG_WARN_EMPTY_BODY = YES;
				CLANG_WARN_ENUM_CONVERSION = YES;
				CLANG_WARN_INFINITE_RECURSION = YES;
				CLANG_WARN_INT_CONVERSION = YES;
				CLANG_WARN_NON_LITERAL_NULL_CONVERSION = YES;
				CLANG_WARN_OBJC_IMPLICIT_RETAIN_SELF = YES;
				CLANG_WARN_OBJC_LITERAL_CONVERSION = YES;
				CLANG_WARN_OBJC_ROOT_CLASS = YES_ERROR;
				CLANG_WARN_QUOTED_INCLUDE_IN_FRAMEWORK_HEADER = YES;
				CLANG_WARN_RANGE_LOOP_ANALYSIS = YES;
				CLANG_WARN_STRICT_PROTOTYPES = YES;
				CLANG_WARN_SUSPICIOUS_MOVE = YES;
				CLANG_WARN_UNGUARDED_AVAILABILITY = YES_AGGRESSIVE;
				CLANG_WARN_UNREACHABLE_CODE = YES;
				CLANG_WARN__DUPLICATE_METHOD_MATCH = YES;
				COPY_PHASE_STRIP = NO;
				DEBUG_INFORMATION_FORMAT = "dwarf-with-dsym";
				ENABLE_NS_ASSERTIONS = NO;
				ENABLE_STRICT_OBJC_MSGSEND = YES;
				ENABLE_USER_SCRIPT_SANDBOXING = YES;
				GCC_C_LANGUAGE_STANDARD = gnu17;
				GCC_NO_COMMON_BLOCKS = YES;
				GCC_WARN_64_TO_32_BIT_CONVERSION = YES;
				GCC_WARN_ABOUT_RETURN_TYPE = YES_ERROR;
				GCC_WARN_UNDECLARED_SELECTOR = YES;
				GCC_WARN_UNINITIALIZED_AUTOS = YES_AGGRESSIVE;
				GCC_WARN_UNUSED_FUNCTION = YES;
				GCC_WARN_UNUSED_VARIABLE = YES;
				IPHONEOS_DEPLOYMENT_TARGET = 17.5;
				LOCALIZATION_PREFERS_STRING_CATALOGS = YES;
				MTL_ENABLE_DEBUG_INFO = NO;
				MTL_FAST_MATH = YES;
				SDKROOT = iphoneos;
				SWIFT_COMPILATION_MODE = wholemodule;
				VALIDATE_PRODUCT = YES;
			};
			name = Release;
		};
		4B74F4332C529E90008C8393 /* Debug */ = {
			isa = XCBuildConfiguration;
			buildSettings = {
				ASSETCATALOG_COMPILER_APPICON_NAME = AppIcon;
				ASSETCATALOG_COMPILER_GLOBAL_ACCENT_COLOR_NAME = AccentColor;
				CODE_SIGN_STYLE = Automatic;
				CURRENT_PROJECT_VERSION = 1;
				DEVELOPMENT_ASSET_PATHS = "\"TalkToMe/Preview Content\"";
				DEVELOPMENT_TEAM = QT3T249ZHN;
				ENABLE_PREVIEWS = YES;
				GENERATE_INFOPLIST_FILE = YES;
				INFOPLIST_FILE = TalkToMe/Info.plist;
				INFOPLIST_KEY_LSApplicationCategoryType = "public.app-category.social-networking";
				INFOPLIST_KEY_NSCameraUsageDescription = "This app requires access to the camera to capture photos.";
				INFOPLIST_KEY_UIApplicationSceneManifest_Generation = YES;
				INFOPLIST_KEY_UIApplicationSupportsIndirectInputEvents = YES;
				INFOPLIST_KEY_UILaunchScreen_Generation = YES;
				INFOPLIST_KEY_UISupportedInterfaceOrientations = UIInterfaceOrientationPortrait;
				INFOPLIST_KEY_UISupportedInterfaceOrientations_iPad = "UIInterfaceOrientationLandscapeLeft UIInterfaceOrientationLandscapeRight UIInterfaceOrientationPortrait UIInterfaceOrientationPortraitUpsideDown";
				LD_RUNPATH_SEARCH_PATHS = (
					"$(inherited)",
					"@executable_path/Frameworks",
				);
				MARKETING_VERSION = 1.0;
				PRODUCT_BUNDLE_IDENTIFIER = com.mavrodimakis.TalkToMe;
				PRODUCT_NAME = "$(TARGET_NAME)";
				SUPPORTED_PLATFORMS = "iphoneos iphonesimulator";
				SUPPORTS_MACCATALYST = NO;
				SUPPORTS_MAC_DESIGNED_FOR_IPHONE_IPAD = NO;
				SUPPORTS_XR_DESIGNED_FOR_IPHONE_IPAD = NO;
				SWIFT_EMIT_LOC_STRINGS = YES;
				SWIFT_VERSION = 5.0;
				TARGETED_DEVICE_FAMILY = 1;
			};
			name = Debug;
		};
		4B74F4342C529E90008C8393 /* Release */ = {
			isa = XCBuildConfiguration;
			buildSettings = {
				ASSETCATALOG_COMPILER_APPICON_NAME = AppIcon;
				ASSETCATALOG_COMPILER_GLOBAL_ACCENT_COLOR_NAME = AccentColor;
				CODE_SIGN_STYLE = Automatic;
				CURRENT_PROJECT_VERSION = 1;
				DEVELOPMENT_ASSET_PATHS = "\"TalkToMe/Preview Content\"";
				DEVELOPMENT_TEAM = QT3T249ZHN;
				ENABLE_PREVIEWS = YES;
				GENERATE_INFOPLIST_FILE = YES;
				INFOPLIST_FILE = TalkToMe/Info.plist;
				INFOPLIST_KEY_LSApplicationCategoryType = "public.app-category.social-networking";
				INFOPLIST_KEY_NSCameraUsageDescription = "This app requires access to the camera to capture photos.";
				INFOPLIST_KEY_UIApplicationSceneManifest_Generation = YES;
				INFOPLIST_KEY_UIApplicationSupportsIndirectInputEvents = YES;
				INFOPLIST_KEY_UILaunchScreen_Generation = YES;
				INFOPLIST_KEY_UISupportedInterfaceOrientations = UIInterfaceOrientationPortrait;
				INFOPLIST_KEY_UISupportedInterfaceOrientations_iPad = "UIInterfaceOrientationLandscapeLeft UIInterfaceOrientationLandscapeRight UIInterfaceOrientationPortrait UIInterfaceOrientationPortraitUpsideDown";
				LD_RUNPATH_SEARCH_PATHS = (
					"$(inherited)",
					"@executable_path/Frameworks",
				);
				MARKETING_VERSION = 1.0;
				PRODUCT_BUNDLE_IDENTIFIER = com.mavrodimakis.TalkToMe;
				PRODUCT_NAME = "$(TARGET_NAME)";
				SUPPORTED_PLATFORMS = "iphoneos iphonesimulator";
				SUPPORTS_MACCATALYST = NO;
				SUPPORTS_MAC_DESIGNED_FOR_IPHONE_IPAD = NO;
				SUPPORTS_XR_DESIGNED_FOR_IPHONE_IPAD = NO;
				SWIFT_EMIT_LOC_STRINGS = YES;
				SWIFT_VERSION = 5.0;
				TARGETED_DEVICE_FAMILY = 1;
			};
			name = Release;
		};
/* End XCBuildConfiguration section */

/* Begin XCConfigurationList section */
		4B74F41F2C529E8F008C8393 /* Build configuration list for PBXProject "TalkToMe" */ = {
			isa = XCConfigurationList;
			buildConfigurations = (
				4B74F4302C529E90008C8393 /* Debug */,
				4B74F4312C529E90008C8393 /* Release */,
			);
			defaultConfigurationIsVisible = 0;
			defaultConfigurationName = Release;
		};
		4B74F4322C529E90008C8393 /* Build configuration list for PBXNativeTarget "TalkToMe" */ = {
			isa = XCConfigurationList;
			buildConfigurations = (
				4B74F4332C529E90008C8393 /* Debug */,
				4B74F4342C529E90008C8393 /* Release */,
			);
			defaultConfigurationIsVisible = 0;
			defaultConfigurationName = Release;
		};
/* End XCConfigurationList section */

/* Begin XCRemoteSwiftPackageReference section */
		4BE4E99D2C766955007684CC /* XCRemoteSwiftPackageReference "firebase-ios-sdk" */ = {
			isa = XCRemoteSwiftPackageReference;
			repositoryURL = "https://github.com/firebase/firebase-ios-sdk.git";
			requirement = {
				kind = upToNextMajorVersion;
				minimumVersion = 11.1.0;
			};
		};
/* End XCRemoteSwiftPackageReference section */

/* Begin XCSwiftPackageProductDependency section */
		4BE4E99E2C766955007684CC /* FirebaseAuth */ = {
			isa = XCSwiftPackageProductDependency;
			package = 4BE4E99D2C766955007684CC /* XCRemoteSwiftPackageReference "firebase-ios-sdk" */;
			productName = FirebaseAuth;
		};
		4BE4E9A02C766955007684CC /* FirebaseDatabase */ = {
			isa = XCSwiftPackageProductDependency;
			package = 4BE4E99D2C766955007684CC /* XCRemoteSwiftPackageReference "firebase-ios-sdk" */;
			productName = FirebaseDatabase;
		};
		4BE4E9A22C766955007684CC /* FirebaseDynamicLinks */ = {
			isa = XCSwiftPackageProductDependency;
			package = 4BE4E99D2C766955007684CC /* XCRemoteSwiftPackageReference "firebase-ios-sdk" */;
			productName = FirebaseDynamicLinks;
		};
		4BE4E9A42C766955007684CC /* FirebaseMessaging */ = {
			isa = XCSwiftPackageProductDependency;
			package = 4BE4E99D2C766955007684CC /* XCRemoteSwiftPackageReference "firebase-ios-sdk" */;
			productName = FirebaseMessaging;
		};
		4BE4E9A62C766955007684CC /* FirebaseStorage */ = {
			isa = XCSwiftPackageProductDependency;
			package = 4BE4E99D2C766955007684CC /* XCRemoteSwiftPackageReference "firebase-ios-sdk" */;
			productName = FirebaseStorage;
		};
		4BE4E9AA2C766DF2007684CC /* FirebaseAnalytics */ = {
			isa = XCSwiftPackageProductDependency;
			package = 4BE4E99D2C766955007684CC /* XCRemoteSwiftPackageReference "firebase-ios-sdk" */;
			productName = FirebaseAnalytics;
		};
		4BE4E9AC2C766DFB007684CC /* FirebaseCrashlytics */ = {
			isa = XCSwiftPackageProductDependency;
			package = 4BE4E99D2C766955007684CC /* XCRemoteSwiftPackageReference "firebase-ios-sdk" */;
			productName = FirebaseCrashlytics;
		};
		4BE4E9AE2C766E0F007684CC /* FirebasePerformance */ = {
			isa = XCSwiftPackageProductDependency;
			package = 4BE4E99D2C766955007684CC /* XCRemoteSwiftPackageReference "firebase-ios-sdk" */;
			productName = FirebasePerformance;
		};
/* End XCSwiftPackageProductDependency section */
	};
	rootObject = 4B74F41C2C529E8F008C8393 /* Project object */;
}
