// !$*UTF8*$!
{
	archiveVersion = 1;
	classes = {
	};
	objectVersion = 56;
	objects = {

/* Begin PBXBuildFile section */
		4B1320582C972EDB001BD301 /* SettingsTabViewModel.swift in Sources */ = {isa = PBXBuildFile; fileRef = 4B1320572C972EDB001BD301 /* SettingsTabViewModel.swift */; };
		4B366BC02C6D2872001D5D63 /* CameraView.swift in Sources */ = {isa = PBXBuildFile; fileRef = 4B366BBF2C6D2872001D5D63 /* CameraView.swift */; };
		4B382FF02C5C09E40094FA11 /* CountryPickerViewModel.swift in Sources */ = {isa = PBXBuildFile; fileRef = 4B382FEF2C5C09E40094FA11 /* CountryPickerViewModel.swift */; };
		4B382FF22C5C0A050094FA11 /* CountryPickerSearchView.swift in Sources */ = {isa = PBXBuildFile; fileRef = 4B382FF12C5C0A050094FA11 /* CountryPickerSearchView.swift */; };
		4B382FF92C5D30C00094FA11 /* RoundedCorner.swift in Sources */ = {isa = PBXBuildFile; fileRef = 4B382FF82C5D30C00094FA11 /* RoundedCorner.swift */; };
		4B382FFE2C5D64750094FA11 /* NavPlaceHolder.swift in Sources */ = {isa = PBXBuildFile; fileRef = 4B382FFD2C5D64750094FA11 /* NavPlaceHolder.swift */; };
		4B3830002C5D65260094FA11 /* PhoneNumberInputField.swift in Sources */ = {isa = PBXBuildFile; fileRef = 4B382FFF2C5D65260094FA11 /* PhoneNumberInputField.swift */; };
		4B3830022C5D65CE0094FA11 /* CountryPickerView.swift in Sources */ = {isa = PBXBuildFile; fileRef = 4B3830012C5D65CE0094FA11 /* CountryPickerView.swift */; };
		4B74F4282C529E8F008C8393 /* TalkToMeApp.swift in Sources */ = {isa = PBXBuildFile; fileRef = 4B74F4272C529E8F008C8393 /* TalkToMeApp.swift */; };
		4B74F42A2C529E8F008C8393 /* MainTabView.swift in Sources */ = {isa = PBXBuildFile; fileRef = 4B74F4292C529E8F008C8393 /* MainTabView.swift */; };
		4B74F42C2C529E90008C8393 /* Assets.xcassets in Resources */ = {isa = PBXBuildFile; fileRef = 4B74F42B2C529E90008C8393 /* Assets.xcassets */; };
		4B74F42F2C529E90008C8393 /* Preview Assets.xcassets in Resources */ = {isa = PBXBuildFile; fileRef = 4B74F42E2C529E90008C8393 /* Preview Assets.xcassets */; };
		4B74F4492C556131008C8393 /* OTPPhoneNumberInputView.swift in Sources */ = {isa = PBXBuildFile; fileRef = 4B74F4482C556131008C8393 /* OTPPhoneNumberInputView.swift */; };
		4B74F44C2C556812008C8393 /* OTPViewModel.swift in Sources */ = {isa = PBXBuildFile; fileRef = 4B74F44B2C556812008C8393 /* OTPViewModel.swift */; };
		4B74F4512C565402008C8393 /* OTPPhoneVerifyCodeView.swift in Sources */ = {isa = PBXBuildFile; fileRef = 4B74F4502C565402008C8393 /* OTPPhoneVerifyCodeView.swift */; };
		4B74F4562C56910F008C8393 /* IntroGradient.swift in Sources */ = {isa = PBXBuildFile; fileRef = 4B74F4552C56910F008C8393 /* IntroGradient.swift */; };
		4B74F4672C57EF73008C8393 /* Page.swift in Sources */ = {isa = PBXBuildFile; fileRef = 4B74F4662C57EF73008C8393 /* Page.swift */; };
		4B74F4692C57F7BB008C8393 /* IntroView.swift in Sources */ = {isa = PBXBuildFile; fileRef = 4B74F4682C57F7BB008C8393 /* IntroView.swift */; };
		4B74F46C2C57F8DC008C8393 /* MorphingSymbolView.swift in Sources */ = {isa = PBXBuildFile; fileRef = 4B74F46B2C57F8DC008C8393 /* MorphingSymbolView.swift */; };
		4B74F46F2C5AA40B008C8393 /* TextTabHolderView.swift in Sources */ = {isa = PBXBuildFile; fileRef = 4B74F46E2C5AA40B008C8393 /* TextTabHolderView.swift */; };
		4B74F4712C5AA525008C8393 /* ContinueButtonView.swift in Sources */ = {isa = PBXBuildFile; fileRef = 4B74F4702C5AA525008C8393 /* ContinueButtonView.swift */; };
		4B74F4732C5AA5DA008C8393 /* HeaderView.swift in Sources */ = {isa = PBXBuildFile; fileRef = 4B74F4722C5AA5DA008C8393 /* HeaderView.swift */; };
		4B74F4752C5AA625008C8393 /* IndicatorView.swift in Sources */ = {isa = PBXBuildFile; fileRef = 4B74F4742C5AA625008C8393 /* IndicatorView.swift */; };
		4B8B84972C9098F7003DD520 /* VoiceMessagePlayer.swift in Sources */ = {isa = PBXBuildFile; fileRef = 4B8B84962C9098F7003DD520 /* VoiceMessagePlayer.swift */; };
		4B8B84992C91EBBE003DD520 /* Haptics.swift in Sources */ = {isa = PBXBuildFile; fileRef = 4B8B84982C91EBBE003DD520 /* Haptics.swift */; };
		4B8B849B2C921BBA003DD520 /* BubbleView.swift in Sources */ = {isa = PBXBuildFile; fileRef = 4B8B849A2C921BBA003DD520 /* BubbleView.swift */; };
		4BB8CE8A2C85F19700F07F26 /* MessageService.swift in Sources */ = {isa = PBXBuildFile; fileRef = 4BB8CE892C85F19700F07F26 /* MessageService.swift */; };
		4BB8CE8C2C861E4700F07F26 /* CustomModifiers.swift in Sources */ = {isa = PBXBuildFile; fileRef = 4BB8CE8B2C861E4700F07F26 /* CustomModifiers.swift */; };
		4BB8CE912C86200100F07F26 /* AuthProvider.swift in Sources */ = {isa = PBXBuildFile; fileRef = 4BB8CE902C86200100F07F26 /* AuthProvider.swift */; };
		4BB8CE942C86214800F07F26 /* UserItem.swift in Sources */ = {isa = PBXBuildFile; fileRef = 4BB8CE932C86214800F07F26 /* UserItem.swift */; };
		4BB8CE972C86218A00F07F26 /* AuthScreenModel.swift in Sources */ = {isa = PBXBuildFile; fileRef = 4BB8CE962C86218A00F07F26 /* AuthScreenModel.swift */; };
		4BB8CE9A2C8621BB00F07F26 /* AuthButton.swift in Sources */ = {isa = PBXBuildFile; fileRef = 4BB8CE992C8621BB00F07F26 /* AuthButton.swift */; };
		4BB8CE9C2C8621E400F07F26 /* AuthHeaderView.swift in Sources */ = {isa = PBXBuildFile; fileRef = 4BB8CE9B2C8621E400F07F26 /* AuthHeaderView.swift */; };
		4BB8CE9E2C86220200F07F26 /* AuthTextField.swift in Sources */ = {isa = PBXBuildFile; fileRef = 4BB8CE9D2C86220200F07F26 /* AuthTextField.swift */; };
		4BB8CEA02C86222400F07F26 /* LoginScreen.swift in Sources */ = {isa = PBXBuildFile; fileRef = 4BB8CE9F2C86222400F07F26 /* LoginScreen.swift */; };
		4BB8CEA22C86224200F07F26 /* SignUpScreen.swift in Sources */ = {isa = PBXBuildFile; fileRef = 4BB8CEA12C86224200F07F26 /* SignUpScreen.swift */; };
		4BB8CEA52C8622A100F07F26 /* CallsTabScreen.swift in Sources */ = {isa = PBXBuildFile; fileRef = 4BB8CEA42C8622A100F07F26 /* CallsTabScreen.swift */; };
		4BB8CEA92C86233A00F07F26 /* ChannelTabViewModel.swift in Sources */ = {isa = PBXBuildFile; fileRef = 4BB8CEA82C86233A00F07F26 /* ChannelTabViewModel.swift */; };
		4BB8CEAB2C86238C00F07F26 /* ChatPartnerPickerViewModel.swift in Sources */ = {isa = PBXBuildFile; fileRef = 4BB8CEAA2C86238C00F07F26 /* ChatPartnerPickerViewModel.swift */; };
		4BB8CEAE2C8623C700F07F26 /* ChannelItemView.swift in Sources */ = {isa = PBXBuildFile; fileRef = 4BB8CEAD2C8623C700F07F26 /* ChannelItemView.swift */; };
		4BB8CEB02C8623E500F07F26 /* ChannelTabScreen.swift in Sources */ = {isa = PBXBuildFile; fileRef = 4BB8CEAF2C8623E500F07F26 /* ChannelTabScreen.swift */; };
		4BB8CEB22C86240000F07F26 /* ChatPartnerPickerScreen.swift in Sources */ = {isa = PBXBuildFile; fileRef = 4BB8CEB12C86240000F07F26 /* ChatPartnerPickerScreen.swift */; };
		4BB8CEB42C86243700F07F26 /* ChatPartnerRowView.swift in Sources */ = {isa = PBXBuildFile; fileRef = 4BB8CEB32C86243700F07F26 /* ChatPartnerRowView.swift */; };
		4BB8CEB62C86244C00F07F26 /* GroupPartnerPickerScreen.swift in Sources */ = {isa = PBXBuildFile; fileRef = 4BB8CEB52C86244C00F07F26 /* GroupPartnerPickerScreen.swift */; };
		4BB8CEB82C86246800F07F26 /* NewGroupSetUpScreen.swift in Sources */ = {isa = PBXBuildFile; fileRef = 4BB8CEB72C86246800F07F26 /* NewGroupSetUpScreen.swift */; };
		4BB8CEBA2C86248E00F07F26 /* SelectedChatPartnerView.swift in Sources */ = {isa = PBXBuildFile; fileRef = 4BB8CEB92C86248E00F07F26 /* SelectedChatPartnerView.swift */; };
		4BB8CEC02C862E7C00F07F26 /* BubbleAudioView.swift in Sources */ = {isa = PBXBuildFile; fileRef = 4BB8CEBF2C862E7C00F07F26 /* BubbleAudioView.swift */; };
		4BB8CEC22C862EA000F07F26 /* BubbleImageView.swift in Sources */ = {isa = PBXBuildFile; fileRef = 4BB8CEC12C862EA000F07F26 /* BubbleImageView.swift */; };
		4BB8CEC42C86302300F07F26 /* BubbleTailView.swift in Sources */ = {isa = PBXBuildFile; fileRef = 4BB8CEC32C86302300F07F26 /* BubbleTailView.swift */; };
		4BB8CEC62C86304300F07F26 /* BubbleTextView.swift in Sources */ = {isa = PBXBuildFile; fileRef = 4BB8CEC52C86304300F07F26 /* BubbleTextView.swift */; };
		4BB8CEC82C86305B00F07F26 /* ChatRoomScreen.swift in Sources */ = {isa = PBXBuildFile; fileRef = 4BB8CEC72C86305B00F07F26 /* ChatRoomScreen.swift */; };
		4BB8CECA2C86307900F07F26 /* MessageListController.swift in Sources */ = {isa = PBXBuildFile; fileRef = 4BB8CEC92C86307800F07F26 /* MessageListController.swift */; };
		4BB8CECC2C86309D00F07F26 /* MessageListView.swift in Sources */ = {isa = PBXBuildFile; fileRef = 4BB8CECB2C86309D00F07F26 /* MessageListView.swift */; };
		4BB8CECE2C8630B800F07F26 /* TextInputArea.swift in Sources */ = {isa = PBXBuildFile; fileRef = 4BB8CECD2C8630B800F07F26 /* TextInputArea.swift */; };
		4BB8CED02C8630DE00F07F26 /* ChatRoomViewModel.swift in Sources */ = {isa = PBXBuildFile; fileRef = 4BB8CECF2C8630DE00F07F26 /* ChatRoomViewModel.swift */; };
		4BB8CED22C86311800F07F26 /* MessageItem.swift in Sources */ = {isa = PBXBuildFile; fileRef = 4BB8CED12C86311800F07F26 /* MessageItem.swift */; };
		4BB8CED42C86315000F07F26 /* MessageItems+Types.swift in Sources */ = {isa = PBXBuildFile; fileRef = 4BB8CED32C86315000F07F26 /* MessageItems+Types.swift */; };
		4BB8CED72C86319E00F07F26 /* CommunityTabScreen.swift in Sources */ = {isa = PBXBuildFile; fileRef = 4BB8CED62C86319E00F07F26 /* CommunityTabScreen.swift */; };
		4BB8CED92C86325100F07F26 /* SettingsItemView.swift in Sources */ = {isa = PBXBuildFile; fileRef = 4BB8CED82C86325100F07F26 /* SettingsItemView.swift */; };
		4BB8CEDB2C86326E00F07F26 /* SettingsTabScreen.swift in Sources */ = {isa = PBXBuildFile; fileRef = 4BB8CEDA2C86326E00F07F26 /* SettingsTabScreen.swift */; };
		4BB8CEDD2C8632DA00F07F26 /* SettingsItem.swift in Sources */ = {isa = PBXBuildFile; fileRef = 4BB8CEDC2C8632DA00F07F26 /* SettingsItem.swift */; };
		4BB8CEE02C86338000F07F26 /* UpdatesTabScreen.swift in Sources */ = {isa = PBXBuildFile; fileRef = 4BB8CEDF2C86338000F07F26 /* UpdatesTabScreen.swift */; };
		4BB8CEE32C8634F000F07F26 /* FirebaseConstants.swift in Sources */ = {isa = PBXBuildFile; fileRef = 4BB8CEE22C8634F000F07F26 /* FirebaseConstants.swift */; };
		4BB8CEE52C8778EC00F07F26 /* ChannelCreationTextView.swift in Sources */ = {isa = PBXBuildFile; fileRef = 4BB8CEE42C8778EC00F07F26 /* ChannelCreationTextView.swift */; };
		4BB8CEE72C87852700F07F26 /* AdminMessageTextView.swift in Sources */ = {isa = PBXBuildFile; fileRef = 4BB8CEE62C87852700F07F26 /* AdminMessageTextView.swift */; };
		4BB8CEEA2C89DEC300F07F26 /* Kingfisher in Frameworks */ = {isa = PBXBuildFile; productRef = 4BB8CEE92C89DEC300F07F26 /* Kingfisher */; };
		4BB8CEEC2C89DF0600F07F26 /* CircularProfileImageView.swift in Sources */ = {isa = PBXBuildFile; fileRef = 4BB8CEEB2C89DF0600F07F26 /* CircularProfileImageView.swift */; };
		4BB8CEEE2C89EB5900F07F26 /* Date+Extensions.swift in Sources */ = {isa = PBXBuildFile; fileRef = 4BB8CEED2C89EB5900F07F26 /* Date+Extensions.swift */; };
		4BB8CEF02C8B283300F07F26 /* MediaAttachmentPreview.swift in Sources */ = {isa = PBXBuildFile; fileRef = 4BB8CEEF2C8B283300F07F26 /* MediaAttachmentPreview.swift */; };
		4BB8CEF22C8C9BCE00F07F26 /* PhotoPickerItem+Extensions.swift in Sources */ = {isa = PBXBuildFile; fileRef = 4BB8CEF12C8C9BCE00F07F26 /* PhotoPickerItem+Extensions.swift */; };
		4BB8CEF42C8C9D7800F07F26 /* MediaPickerItem_Types.swift in Sources */ = {isa = PBXBuildFile; fileRef = 4BB8CEF32C8C9D7800F07F26 /* MediaPickerItem_Types.swift */; };
		4BB8CEF62C8CA4DB00F07F26 /* URL+extensions.swift in Sources */ = {isa = PBXBuildFile; fileRef = 4BB8CEF52C8CA4DB00F07F26 /* URL+extensions.swift */; };
		4BB8CEFA2C8CAFA000F07F26 /* MediaPlayerView.swift in Sources */ = {isa = PBXBuildFile; fileRef = 4BB8CEF92C8CAFA000F07F26 /* MediaPlayerView.swift */; };
		4BB8CEFC2C8DB21200F07F26 /* VoiceRecorderService.swift in Sources */ = {isa = PBXBuildFile; fileRef = 4BB8CEFB2C8DB21200F07F26 /* VoiceRecorderService.swift */; };
		4BB8CEFE2C8DED7400F07F26 /* TimeInterval+Extensions.swift in Sources */ = {isa = PBXBuildFile; fileRef = 4BB8CEFD2C8DED7400F07F26 /* TimeInterval+Extensions.swift */; };
		4BB8CF002C8DF7F700F07F26 /* FirebaseHelper.swift in Sources */ = {isa = PBXBuildFile; fileRef = 4BB8CEFF2C8DF7F700F07F26 /* FirebaseHelper.swift */; };
		4BB8CF022C8F5E5400F07F26 /* UIApplication+Extensions.swift in Sources */ = {isa = PBXBuildFile; fileRef = 4BB8CF012C8F5E5400F07F26 /* UIApplication+Extensions.swift */; };
		4BB8CF042C8F60DA00F07F26 /* UIWindowScene+Extensions.swift in Sources */ = {isa = PBXBuildFile; fileRef = 4BB8CF032C8F60DA00F07F26 /* UIWindowScene+Extensions.swift */; };
		4BC70D252C5FCF3700BB41DF /* ContinueButton.swift in Sources */ = {isa = PBXBuildFile; fileRef = 4BC70D242C5FCF3700BB41DF /* ContinueButton.swift */; };
		4BC70D2B2C610E1100BB41DF /* CreateUserScreenView.swift in Sources */ = {isa = PBXBuildFile; fileRef = 4BC70D2A2C610E1100BB41DF /* CreateUserScreenView.swift */; };
		4BC70D2D2C61119600BB41DF /* OpacityBackgroundLogo.swift in Sources */ = {isa = PBXBuildFile; fileRef = 4BC70D2C2C61119600BB41DF /* OpacityBackgroundLogo.swift */; };
		4BC70D2F2C62572500BB41DF /* NavigationTextArea.swift in Sources */ = {isa = PBXBuildFile; fileRef = 4BC70D2E2C62572500BB41DF /* NavigationTextArea.swift */; };
		4BC70D312C6257B600BB41DF /* UserAvatar.swift in Sources */ = {isa = PBXBuildFile; fileRef = 4BC70D302C6257B600BB41DF /* UserAvatar.swift */; };
		4BC70D332C6258B300BB41DF /* UsernameField.swift in Sources */ = {isa = PBXBuildFile; fileRef = 4BC70D322C6258B300BB41DF /* UsernameField.swift */; };
		4BC70D352C625A7100BB41DF /* SubmitButton.swift in Sources */ = {isa = PBXBuildFile; fileRef = 4BC70D342C625A7100BB41DF /* SubmitButton.swift */; };
		4BC70D392C626F4400BB41DF /* NavBarElements.swift in Sources */ = {isa = PBXBuildFile; fileRef = 4BC70D382C626F4400BB41DF /* NavBarElements.swift */; };
		4BC70D3B2C629B3300BB41DF /* SupportArea.swift in Sources */ = {isa = PBXBuildFile; fileRef = 4BC70D3A2C629B3300BB41DF /* SupportArea.swift */; };
		4BC70D3D2C629C1F00BB41DF /* VerifyButton.swift in Sources */ = {isa = PBXBuildFile; fileRef = 4BC70D3C2C629C1F00BB41DF /* VerifyButton.swift */; };
		4BC70D3F2C629F4200BB41DF /* CodeInputPlatforms.swift in Sources */ = {isa = PBXBuildFile; fileRef = 4BC70D3E2C629F4200BB41DF /* CodeInputPlatforms.swift */; };
		4BC70D412C62AE9D00BB41DF /* ColorExtension.swift in Sources */ = {isa = PBXBuildFile; fileRef = 4BC70D402C62AE9D00BB41DF /* ColorExtension.swift */; };
		4BE4E99C2C7633B1007684CC /* GrayGradient.swift in Sources */ = {isa = PBXBuildFile; fileRef = 4BE4E99B2C7633B1007684CC /* GrayGradient.swift */; };
		4BE4E99F2C766955007684CC /* FirebaseAuth in Frameworks */ = {isa = PBXBuildFile; productRef = 4BE4E99E2C766955007684CC /* FirebaseAuth */; };
		4BE4E9A12C766955007684CC /* FirebaseDatabase in Frameworks */ = {isa = PBXBuildFile; productRef = 4BE4E9A02C766955007684CC /* FirebaseDatabase */; };
		4BE4E9A32C766955007684CC /* FirebaseDynamicLinks in Frameworks */ = {isa = PBXBuildFile; productRef = 4BE4E9A22C766955007684CC /* FirebaseDynamicLinks */; };
		4BE4E9A52C766955007684CC /* FirebaseMessaging in Frameworks */ = {isa = PBXBuildFile; productRef = 4BE4E9A42C766955007684CC /* FirebaseMessaging */; };
		4BE4E9A72C766955007684CC /* FirebaseStorage in Frameworks */ = {isa = PBXBuildFile; productRef = 4BE4E9A62C766955007684CC /* FirebaseStorage */; };
		4BE4E9AB2C766DF2007684CC /* FirebaseAnalytics in Frameworks */ = {isa = PBXBuildFile; productRef = 4BE4E9AA2C766DF2007684CC /* FirebaseAnalytics */; };
		4BE4E9AD2C766DFB007684CC /* FirebaseCrashlytics in Frameworks */ = {isa = PBXBuildFile; productRef = 4BE4E9AC2C766DFB007684CC /* FirebaseCrashlytics */; };
		4BE4E9AF2C766E0F007684CC /* FirebasePerformance in Frameworks */ = {isa = PBXBuildFile; productRef = 4BE4E9AE2C766E0F007684CC /* FirebasePerformance */; };
		4BE4E9C92C78F706007684CC /* GoogleService-Info.plist in Resources */ = {isa = PBXBuildFile; fileRef = 4BE4E9C82C78F706007684CC /* GoogleService-Info.plist */; };
		4BE4E9CD2C7A297B007684CC /* RootScreen.swift in Sources */ = {isa = PBXBuildFile; fileRef = 4BE4E9CC2C7A297B007684CC /* RootScreen.swift */; };
		4BE4E9D02C7A29AC007684CC /* RootScreenModel.swift in Sources */ = {isa = PBXBuildFile; fileRef = 4BE4E9CF2C7A29AC007684CC /* RootScreenModel.swift */; };
		4BE4E9EB2C7E4A38007684CC /* UserService.swift in Sources */ = {isa = PBXBuildFile; fileRef = 4BE4E9EA2C7E4A38007684CC /* UserService.swift */; };
		4BE4E9EF2C80BD96007684CC /* ChannelItem.swift in Sources */ = {isa = PBXBuildFile; fileRef = 4BE4E9EE2C80BD96007684CC /* ChannelItem.swift */; };
		4BE4E9F32C80D12A007684CC /* String+Extensions.swift in Sources */ = {isa = PBXBuildFile; fileRef = 4BE4E9F22C80D12A007684CC /* String+Extensions.swift */; };
		4BED5D6F2C9223500048F8E5 /* UserNotifications.framework in Frameworks */ = {isa = PBXBuildFile; fileRef = 4BC70D212C5FCBE400BB41DF /* UserNotifications.framework */; };
		4BF094172C6E559E000E305F /* CropView.swift in Sources */ = {isa = PBXBuildFile; fileRef = 4BF094162C6E559E000E305F /* CropView.swift */; };
		4BF094192C6E585E000E305F /* PickerExtensions.swift in Sources */ = {isa = PBXBuildFile; fileRef = 4BF094182C6E585E000E305F /* PickerExtensions.swift */; };
		4BF0941C2C6FA4B6000E305F /* FinalScreenView.swift in Sources */ = {isa = PBXBuildFile; fileRef = 4BF0941B2C6FA4B6000E305F /* FinalScreenView.swift */; };
		4BF0941E2C6FA4DA000E305F /* TestView.swift in Sources */ = {isa = PBXBuildFile; fileRef = 4BF0941D2C6FA4DA000E305F /* TestView.swift */; };
		4BF094202C6FCC9F000E305F /* TimerView.swift in Sources */ = {isa = PBXBuildFile; fileRef = 4BF0941F2C6FCC9F000E305F /* TimerView.swift */; };
		4BF626242C669C5500FF77B9 /* TappedFieldTextChange.swift in Sources */ = {isa = PBXBuildFile; fileRef = 4BF626232C669C5500FF77B9 /* TappedFieldTextChange.swift */; };
/* End PBXBuildFile section */

/* Begin PBXFileReference section */
		4B1320572C972EDB001BD301 /* SettingsTabViewModel.swift */ = {isa = PBXFileReference; lastKnownFileType = sourcecode.swift; path = SettingsTabViewModel.swift; sourceTree = "<group>"; };
		4B366BBF2C6D2872001D5D63 /* CameraView.swift */ = {isa = PBXFileReference; lastKnownFileType = sourcecode.swift; path = CameraView.swift; sourceTree = "<group>"; };
		4B382FEF2C5C09E40094FA11 /* CountryPickerViewModel.swift */ = {isa = PBXFileReference; lastKnownFileType = sourcecode.swift; path = CountryPickerViewModel.swift; sourceTree = "<group>"; };
		4B382FF12C5C0A050094FA11 /* CountryPickerSearchView.swift */ = {isa = PBXFileReference; lastKnownFileType = sourcecode.swift; path = CountryPickerSearchView.swift; sourceTree = "<group>"; };
		4B382FF82C5D30C00094FA11 /* RoundedCorner.swift */ = {isa = PBXFileReference; lastKnownFileType = sourcecode.swift; path = RoundedCorner.swift; sourceTree = "<group>"; };
		4B382FFD2C5D64750094FA11 /* NavPlaceHolder.swift */ = {isa = PBXFileReference; lastKnownFileType = sourcecode.swift; path = NavPlaceHolder.swift; sourceTree = "<group>"; };
		4B382FFF2C5D65260094FA11 /* PhoneNumberInputField.swift */ = {isa = PBXFileReference; lastKnownFileType = sourcecode.swift; path = PhoneNumberInputField.swift; sourceTree = "<group>"; };
		4B3830012C5D65CE0094FA11 /* CountryPickerView.swift */ = {isa = PBXFileReference; lastKnownFileType = sourcecode.swift; path = CountryPickerView.swift; sourceTree = "<group>"; };
		4B74F4242C529E8F008C8393 /* TalkToMe.app */ = {isa = PBXFileReference; explicitFileType = wrapper.application; includeInIndex = 0; path = TalkToMe.app; sourceTree = BUILT_PRODUCTS_DIR; };
		4B74F4272C529E8F008C8393 /* TalkToMeApp.swift */ = {isa = PBXFileReference; lastKnownFileType = sourcecode.swift; path = TalkToMeApp.swift; sourceTree = "<group>"; };
		4B74F4292C529E8F008C8393 /* MainTabView.swift */ = {isa = PBXFileReference; lastKnownFileType = sourcecode.swift; path = MainTabView.swift; sourceTree = "<group>"; };
		4B74F42B2C529E90008C8393 /* Assets.xcassets */ = {isa = PBXFileReference; lastKnownFileType = folder.assetcatalog; path = Assets.xcassets; sourceTree = "<group>"; };
		4B74F42E2C529E90008C8393 /* Preview Assets.xcassets */ = {isa = PBXFileReference; lastKnownFileType = folder.assetcatalog; path = "Preview Assets.xcassets"; sourceTree = "<group>"; };
		4B74F4482C556131008C8393 /* OTPPhoneNumberInputView.swift */ = {isa = PBXFileReference; lastKnownFileType = sourcecode.swift; path = OTPPhoneNumberInputView.swift; sourceTree = "<group>"; };
		4B74F44B2C556812008C8393 /* OTPViewModel.swift */ = {isa = PBXFileReference; lastKnownFileType = sourcecode.swift; path = OTPViewModel.swift; sourceTree = "<group>"; };
		4B74F4502C565402008C8393 /* OTPPhoneVerifyCodeView.swift */ = {isa = PBXFileReference; lastKnownFileType = sourcecode.swift; path = OTPPhoneVerifyCodeView.swift; sourceTree = "<group>"; };
		4B74F4552C56910F008C8393 /* IntroGradient.swift */ = {isa = PBXFileReference; lastKnownFileType = sourcecode.swift; path = IntroGradient.swift; sourceTree = "<group>"; };
		4B74F4662C57EF73008C8393 /* Page.swift */ = {isa = PBXFileReference; lastKnownFileType = sourcecode.swift; path = Page.swift; sourceTree = "<group>"; };
		4B74F4682C57F7BB008C8393 /* IntroView.swift */ = {isa = PBXFileReference; lastKnownFileType = sourcecode.swift; path = IntroView.swift; sourceTree = "<group>"; };
		4B74F46B2C57F8DC008C8393 /* MorphingSymbolView.swift */ = {isa = PBXFileReference; lastKnownFileType = sourcecode.swift; path = MorphingSymbolView.swift; sourceTree = "<group>"; };
		4B74F46E2C5AA40B008C8393 /* TextTabHolderView.swift */ = {isa = PBXFileReference; lastKnownFileType = sourcecode.swift; path = TextTabHolderView.swift; sourceTree = "<group>"; };
		4B74F4702C5AA525008C8393 /* ContinueButtonView.swift */ = {isa = PBXFileReference; lastKnownFileType = sourcecode.swift; path = ContinueButtonView.swift; sourceTree = "<group>"; };
		4B74F4722C5AA5DA008C8393 /* HeaderView.swift */ = {isa = PBXFileReference; lastKnownFileType = sourcecode.swift; path = HeaderView.swift; sourceTree = "<group>"; };
		4B74F4742C5AA625008C8393 /* IndicatorView.swift */ = {isa = PBXFileReference; lastKnownFileType = sourcecode.swift; path = IndicatorView.swift; sourceTree = "<group>"; };
		4B8B84962C9098F7003DD520 /* VoiceMessagePlayer.swift */ = {isa = PBXFileReference; lastKnownFileType = sourcecode.swift; path = VoiceMessagePlayer.swift; sourceTree = "<group>"; };
		4B8B84982C91EBBE003DD520 /* Haptics.swift */ = {isa = PBXFileReference; lastKnownFileType = sourcecode.swift; path = Haptics.swift; sourceTree = "<group>"; };
		4B8B849A2C921BBA003DD520 /* BubbleView.swift */ = {isa = PBXFileReference; lastKnownFileType = sourcecode.swift; path = BubbleView.swift; sourceTree = "<group>"; };
		4BB8CE892C85F19700F07F26 /* MessageService.swift */ = {isa = PBXFileReference; lastKnownFileType = sourcecode.swift; path = MessageService.swift; sourceTree = "<group>"; };
		4BB8CE8B2C861E4700F07F26 /* CustomModifiers.swift */ = {isa = PBXFileReference; lastKnownFileType = sourcecode.swift; path = CustomModifiers.swift; sourceTree = "<group>"; };
		4BB8CE902C86200100F07F26 /* AuthProvider.swift */ = {isa = PBXFileReference; lastKnownFileType = sourcecode.swift; path = AuthProvider.swift; sourceTree = "<group>"; };
		4BB8CE932C86214800F07F26 /* UserItem.swift */ = {isa = PBXFileReference; lastKnownFileType = sourcecode.swift; path = UserItem.swift; sourceTree = "<group>"; };
		4BB8CE962C86218A00F07F26 /* AuthScreenModel.swift */ = {isa = PBXFileReference; lastKnownFileType = sourcecode.swift; path = AuthScreenModel.swift; sourceTree = "<group>"; };
		4BB8CE992C8621BB00F07F26 /* AuthButton.swift */ = {isa = PBXFileReference; lastKnownFileType = sourcecode.swift; path = AuthButton.swift; sourceTree = "<group>"; };
		4BB8CE9B2C8621E400F07F26 /* AuthHeaderView.swift */ = {isa = PBXFileReference; lastKnownFileType = sourcecode.swift; path = AuthHeaderView.swift; sourceTree = "<group>"; };
		4BB8CE9D2C86220200F07F26 /* AuthTextField.swift */ = {isa = PBXFileReference; lastKnownFileType = sourcecode.swift; path = AuthTextField.swift; sourceTree = "<group>"; };
		4BB8CE9F2C86222400F07F26 /* LoginScreen.swift */ = {isa = PBXFileReference; lastKnownFileType = sourcecode.swift; path = LoginScreen.swift; sourceTree = "<group>"; };
		4BB8CEA12C86224200F07F26 /* SignUpScreen.swift */ = {isa = PBXFileReference; lastKnownFileType = sourcecode.swift; path = SignUpScreen.swift; sourceTree = "<group>"; };
		4BB8CEA42C8622A100F07F26 /* CallsTabScreen.swift */ = {isa = PBXFileReference; lastKnownFileType = sourcecode.swift; path = CallsTabScreen.swift; sourceTree = "<group>"; };
		4BB8CEA82C86233A00F07F26 /* ChannelTabViewModel.swift */ = {isa = PBXFileReference; lastKnownFileType = sourcecode.swift; path = ChannelTabViewModel.swift; sourceTree = "<group>"; };
		4BB8CEAA2C86238C00F07F26 /* ChatPartnerPickerViewModel.swift */ = {isa = PBXFileReference; lastKnownFileType = sourcecode.swift; path = ChatPartnerPickerViewModel.swift; sourceTree = "<group>"; };
		4BB8CEAD2C8623C700F07F26 /* ChannelItemView.swift */ = {isa = PBXFileReference; lastKnownFileType = sourcecode.swift; path = ChannelItemView.swift; sourceTree = "<group>"; };
		4BB8CEAF2C8623E500F07F26 /* ChannelTabScreen.swift */ = {isa = PBXFileReference; lastKnownFileType = sourcecode.swift; path = ChannelTabScreen.swift; sourceTree = "<group>"; };
		4BB8CEB12C86240000F07F26 /* ChatPartnerPickerScreen.swift */ = {isa = PBXFileReference; lastKnownFileType = sourcecode.swift; path = ChatPartnerPickerScreen.swift; sourceTree = "<group>"; };
		4BB8CEB32C86243700F07F26 /* ChatPartnerRowView.swift */ = {isa = PBXFileReference; lastKnownFileType = sourcecode.swift; path = ChatPartnerRowView.swift; sourceTree = "<group>"; };
		4BB8CEB52C86244C00F07F26 /* GroupPartnerPickerScreen.swift */ = {isa = PBXFileReference; lastKnownFileType = sourcecode.swift; path = GroupPartnerPickerScreen.swift; sourceTree = "<group>"; };
		4BB8CEB72C86246800F07F26 /* NewGroupSetUpScreen.swift */ = {isa = PBXFileReference; lastKnownFileType = sourcecode.swift; path = NewGroupSetUpScreen.swift; sourceTree = "<group>"; };
		4BB8CEB92C86248E00F07F26 /* SelectedChatPartnerView.swift */ = {isa = PBXFileReference; lastKnownFileType = sourcecode.swift; path = SelectedChatPartnerView.swift; sourceTree = "<group>"; };
		4BB8CEBF2C862E7C00F07F26 /* BubbleAudioView.swift */ = {isa = PBXFileReference; lastKnownFileType = sourcecode.swift; path = BubbleAudioView.swift; sourceTree = "<group>"; };
		4BB8CEC12C862EA000F07F26 /* BubbleImageView.swift */ = {isa = PBXFileReference; lastKnownFileType = sourcecode.swift; path = BubbleImageView.swift; sourceTree = "<group>"; };
		4BB8CEC32C86302300F07F26 /* BubbleTailView.swift */ = {isa = PBXFileReference; lastKnownFileType = sourcecode.swift; path = BubbleTailView.swift; sourceTree = "<group>"; };
		4BB8CEC52C86304300F07F26 /* BubbleTextView.swift */ = {isa = PBXFileReference; lastKnownFileType = sourcecode.swift; path = BubbleTextView.swift; sourceTree = "<group>"; };
		4BB8CEC72C86305B00F07F26 /* ChatRoomScreen.swift */ = {isa = PBXFileReference; lastKnownFileType = sourcecode.swift; path = ChatRoomScreen.swift; sourceTree = "<group>"; };
		4BB8CEC92C86307800F07F26 /* MessageListController.swift */ = {isa = PBXFileReference; lastKnownFileType = sourcecode.swift; path = MessageListController.swift; sourceTree = "<group>"; };
		4BB8CECB2C86309D00F07F26 /* MessageListView.swift */ = {isa = PBXFileReference; lastKnownFileType = sourcecode.swift; path = MessageListView.swift; sourceTree = "<group>"; };
		4BB8CECD2C8630B800F07F26 /* TextInputArea.swift */ = {isa = PBXFileReference; lastKnownFileType = sourcecode.swift; path = TextInputArea.swift; sourceTree = "<group>"; };
		4BB8CECF2C8630DE00F07F26 /* ChatRoomViewModel.swift */ = {isa = PBXFileReference; lastKnownFileType = sourcecode.swift; path = ChatRoomViewModel.swift; sourceTree = "<group>"; };
		4BB8CED12C86311800F07F26 /* MessageItem.swift */ = {isa = PBXFileReference; lastKnownFileType = sourcecode.swift; path = MessageItem.swift; sourceTree = "<group>"; };
		4BB8CED32C86315000F07F26 /* MessageItems+Types.swift */ = {isa = PBXFileReference; lastKnownFileType = sourcecode.swift; path = "MessageItems+Types.swift"; sourceTree = "<group>"; };
		4BB8CED62C86319E00F07F26 /* CommunityTabScreen.swift */ = {isa = PBXFileReference; lastKnownFileType = sourcecode.swift; path = CommunityTabScreen.swift; sourceTree = "<group>"; };
		4BB8CED82C86325100F07F26 /* SettingsItemView.swift */ = {isa = PBXFileReference; lastKnownFileType = sourcecode.swift; path = SettingsItemView.swift; sourceTree = "<group>"; };
		4BB8CEDA2C86326E00F07F26 /* SettingsTabScreen.swift */ = {isa = PBXFileReference; lastKnownFileType = sourcecode.swift; path = SettingsTabScreen.swift; sourceTree = "<group>"; };
		4BB8CEDC2C8632DA00F07F26 /* SettingsItem.swift */ = {isa = PBXFileReference; lastKnownFileType = sourcecode.swift; path = SettingsItem.swift; sourceTree = "<group>"; };
		4BB8CEDF2C86338000F07F26 /* UpdatesTabScreen.swift */ = {isa = PBXFileReference; lastKnownFileType = sourcecode.swift; path = UpdatesTabScreen.swift; sourceTree = "<group>"; };
		4BB8CEE22C8634F000F07F26 /* FirebaseConstants.swift */ = {isa = PBXFileReference; lastKnownFileType = sourcecode.swift; path = FirebaseConstants.swift; sourceTree = "<group>"; };
		4BB8CEE42C8778EC00F07F26 /* ChannelCreationTextView.swift */ = {isa = PBXFileReference; lastKnownFileType = sourcecode.swift; path = ChannelCreationTextView.swift; sourceTree = "<group>"; };
		4BB8CEE62C87852700F07F26 /* AdminMessageTextView.swift */ = {isa = PBXFileReference; lastKnownFileType = sourcecode.swift; path = AdminMessageTextView.swift; sourceTree = "<group>"; };
		4BB8CEEB2C89DF0600F07F26 /* CircularProfileImageView.swift */ = {isa = PBXFileReference; lastKnownFileType = sourcecode.swift; path = CircularProfileImageView.swift; sourceTree = "<group>"; };
		4BB8CEED2C89EB5900F07F26 /* Date+Extensions.swift */ = {isa = PBXFileReference; lastKnownFileType = sourcecode.swift; path = "Date+Extensions.swift"; sourceTree = "<group>"; };
		4BB8CEEF2C8B283300F07F26 /* MediaAttachmentPreview.swift */ = {isa = PBXFileReference; lastKnownFileType = sourcecode.swift; path = MediaAttachmentPreview.swift; sourceTree = "<group>"; };
		4BB8CEF12C8C9BCE00F07F26 /* PhotoPickerItem+Extensions.swift */ = {isa = PBXFileReference; lastKnownFileType = sourcecode.swift; path = "PhotoPickerItem+Extensions.swift"; sourceTree = "<group>"; };
		4BB8CEF32C8C9D7800F07F26 /* MediaPickerItem_Types.swift */ = {isa = PBXFileReference; lastKnownFileType = sourcecode.swift; path = MediaPickerItem_Types.swift; sourceTree = "<group>"; };
		4BB8CEF52C8CA4DB00F07F26 /* URL+extensions.swift */ = {isa = PBXFileReference; lastKnownFileType = sourcecode.swift; path = "URL+extensions.swift"; sourceTree = "<group>"; };
		4BB8CEF92C8CAFA000F07F26 /* MediaPlayerView.swift */ = {isa = PBXFileReference; lastKnownFileType = sourcecode.swift; path = MediaPlayerView.swift; sourceTree = "<group>"; };
		4BB8CEFB2C8DB21200F07F26 /* VoiceRecorderService.swift */ = {isa = PBXFileReference; lastKnownFileType = sourcecode.swift; path = VoiceRecorderService.swift; sourceTree = "<group>"; };
		4BB8CEFD2C8DED7400F07F26 /* TimeInterval+Extensions.swift */ = {isa = PBXFileReference; lastKnownFileType = sourcecode.swift; path = "TimeInterval+Extensions.swift"; sourceTree = "<group>"; };
		4BB8CEFF2C8DF7F700F07F26 /* FirebaseHelper.swift */ = {isa = PBXFileReference; lastKnownFileType = sourcecode.swift; path = FirebaseHelper.swift; sourceTree = "<group>"; };
		4BB8CF012C8F5E5400F07F26 /* UIApplication+Extensions.swift */ = {isa = PBXFileReference; lastKnownFileType = sourcecode.swift; path = "UIApplication+Extensions.swift"; sourceTree = "<group>"; };
		4BB8CF032C8F60DA00F07F26 /* UIWindowScene+Extensions.swift */ = {isa = PBXFileReference; lastKnownFileType = sourcecode.swift; path = "UIWindowScene+Extensions.swift"; sourceTree = "<group>"; };
		4BC70D212C5FCBE400BB41DF /* UserNotifications.framework */ = {isa = PBXFileReference; lastKnownFileType = wrapper.framework; name = UserNotifications.framework; path = System/Library/Frameworks/UserNotifications.framework; sourceTree = SDKROOT; };
		4BC70D232C5FCBFE00BB41DF /* Info.plist */ = {isa = PBXFileReference; lastKnownFileType = text.plist; path = Info.plist; sourceTree = "<group>"; };
		4BC70D242C5FCF3700BB41DF /* ContinueButton.swift */ = {isa = PBXFileReference; lastKnownFileType = sourcecode.swift; path = ContinueButton.swift; sourceTree = "<group>"; };
		4BC70D2A2C610E1100BB41DF /* CreateUserScreenView.swift */ = {isa = PBXFileReference; lastKnownFileType = sourcecode.swift; path = CreateUserScreenView.swift; sourceTree = "<group>"; };
		4BC70D2C2C61119600BB41DF /* OpacityBackgroundLogo.swift */ = {isa = PBXFileReference; lastKnownFileType = sourcecode.swift; path = OpacityBackgroundLogo.swift; sourceTree = "<group>"; };
		4BC70D2E2C62572500BB41DF /* NavigationTextArea.swift */ = {isa = PBXFileReference; lastKnownFileType = sourcecode.swift; path = NavigationTextArea.swift; sourceTree = "<group>"; };
		4BC70D302C6257B600BB41DF /* UserAvatar.swift */ = {isa = PBXFileReference; lastKnownFileType = sourcecode.swift; path = UserAvatar.swift; sourceTree = "<group>"; };
		4BC70D322C6258B300BB41DF /* UsernameField.swift */ = {isa = PBXFileReference; lastKnownFileType = sourcecode.swift; path = UsernameField.swift; sourceTree = "<group>"; };
		4BC70D342C625A7100BB41DF /* SubmitButton.swift */ = {isa = PBXFileReference; lastKnownFileType = sourcecode.swift; path = SubmitButton.swift; sourceTree = "<group>"; };
		4BC70D382C626F4400BB41DF /* NavBarElements.swift */ = {isa = PBXFileReference; lastKnownFileType = sourcecode.swift; path = NavBarElements.swift; sourceTree = "<group>"; };
		4BC70D3A2C629B3300BB41DF /* SupportArea.swift */ = {isa = PBXFileReference; lastKnownFileType = sourcecode.swift; path = SupportArea.swift; sourceTree = "<group>"; };
		4BC70D3C2C629C1F00BB41DF /* VerifyButton.swift */ = {isa = PBXFileReference; lastKnownFileType = sourcecode.swift; path = VerifyButton.swift; sourceTree = "<group>"; };
		4BC70D3E2C629F4200BB41DF /* CodeInputPlatforms.swift */ = {isa = PBXFileReference; lastKnownFileType = sourcecode.swift; path = CodeInputPlatforms.swift; sourceTree = "<group>"; };
		4BC70D402C62AE9D00BB41DF /* ColorExtension.swift */ = {isa = PBXFileReference; lastKnownFileType = sourcecode.swift; path = ColorExtension.swift; sourceTree = "<group>"; };
		4BE4E99B2C7633B1007684CC /* GrayGradient.swift */ = {isa = PBXFileReference; lastKnownFileType = sourcecode.swift; path = GrayGradient.swift; sourceTree = "<group>"; };
		4BE4E9C82C78F706007684CC /* GoogleService-Info.plist */ = {isa = PBXFileReference; fileEncoding = 4; lastKnownFileType = text.plist.xml; path = "GoogleService-Info.plist"; sourceTree = "<group>"; };
		4BE4E9CC2C7A297B007684CC /* RootScreen.swift */ = {isa = PBXFileReference; lastKnownFileType = sourcecode.swift; path = RootScreen.swift; sourceTree = "<group>"; };
		4BE4E9CF2C7A29AC007684CC /* RootScreenModel.swift */ = {isa = PBXFileReference; lastKnownFileType = sourcecode.swift; path = RootScreenModel.swift; sourceTree = "<group>"; };
		4BE4E9EA2C7E4A38007684CC /* UserService.swift */ = {isa = PBXFileReference; lastKnownFileType = sourcecode.swift; path = UserService.swift; sourceTree = "<group>"; };
		4BE4E9EE2C80BD96007684CC /* ChannelItem.swift */ = {isa = PBXFileReference; lastKnownFileType = sourcecode.swift; path = ChannelItem.swift; sourceTree = "<group>"; };
		4BE4E9F22C80D12A007684CC /* String+Extensions.swift */ = {isa = PBXFileReference; lastKnownFileType = sourcecode.swift; path = "String+Extensions.swift"; sourceTree = "<group>"; };
		4BF094162C6E559E000E305F /* CropView.swift */ = {isa = PBXFileReference; lastKnownFileType = sourcecode.swift; path = CropView.swift; sourceTree = "<group>"; };
		4BF094182C6E585E000E305F /* PickerExtensions.swift */ = {isa = PBXFileReference; lastKnownFileType = sourcecode.swift; path = PickerExtensions.swift; sourceTree = "<group>"; };
		4BF0941B2C6FA4B6000E305F /* FinalScreenView.swift */ = {isa = PBXFileReference; lastKnownFileType = sourcecode.swift; path = FinalScreenView.swift; sourceTree = "<group>"; };
		4BF0941D2C6FA4DA000E305F /* TestView.swift */ = {isa = PBXFileReference; lastKnownFileType = sourcecode.swift; path = TestView.swift; sourceTree = "<group>"; };
		4BF0941F2C6FCC9F000E305F /* TimerView.swift */ = {isa = PBXFileReference; lastKnownFileType = sourcecode.swift; path = TimerView.swift; sourceTree = "<group>"; };
		4BF626232C669C5500FF77B9 /* TappedFieldTextChange.swift */ = {isa = PBXFileReference; lastKnownFileType = sourcecode.swift; path = TappedFieldTextChange.swift; sourceTree = "<group>"; };
/* End PBXFileReference section */

/* Begin PBXFrameworksBuildPhase section */
		4B74F4212C529E8F008C8393 /* Frameworks */ = {
			isa = PBXFrameworksBuildPhase;
			buildActionMask = 2147483647;
			files = (
				4BED5D6F2C9223500048F8E5 /* UserNotifications.framework in Frameworks */,
				4BE4E9AB2C766DF2007684CC /* FirebaseAnalytics in Frameworks */,
				4BE4E9A12C766955007684CC /* FirebaseDatabase in Frameworks */,
				4BE4E9AF2C766E0F007684CC /* FirebasePerformance in Frameworks */,
				4BB8CEEA2C89DEC300F07F26 /* Kingfisher in Frameworks */,
				4BE4E9A52C766955007684CC /* FirebaseMessaging in Frameworks */,
				4BE4E99F2C766955007684CC /* FirebaseAuth in Frameworks */,
				4BE4E9AD2C766DFB007684CC /* FirebaseCrashlytics in Frameworks */,
				4BE4E9A32C766955007684CC /* FirebaseDynamicLinks in Frameworks */,
				4BE4E9A72C766955007684CC /* FirebaseStorage in Frameworks */,
			);
			runOnlyForDeploymentPostprocessing = 0;
		};
/* End PBXFrameworksBuildPhase section */

/* Begin PBXGroup section */
		4B0FE4AC2C71F055004D10F0 /* Settings */ = {
			isa = PBXGroup;
			children = (
				4B1320562C972EBF001BD301 /* ViewModel */,
				4B0FE4AF2C71F079004D10F0 /* Views */,
				4B0FE4B22C71F252004D10F0 /* Models */,
			);
			path = Settings;
			sourceTree = "<group>";
		};
		4B0FE4AF2C71F079004D10F0 /* Views */ = {
			isa = PBXGroup;
			children = (
				4BB8CED82C86325100F07F26 /* SettingsItemView.swift */,
				4BB8CEDA2C86326E00F07F26 /* SettingsTabScreen.swift */,
			);
			path = Views;
			sourceTree = "<group>";
		};
		4B0FE4B22C71F252004D10F0 /* Models */ = {
			isa = PBXGroup;
			children = (
				4BB8CEDC2C8632DA00F07F26 /* SettingsItem.swift */,
			);
			path = Models;
			sourceTree = "<group>";
		};
		4B1320562C972EBF001BD301 /* ViewModel */ = {
			isa = PBXGroup;
			children = (
				4B1320572C972EDB001BD301 /* SettingsTabViewModel.swift */,
			);
			path = ViewModel;
			sourceTree = "<group>";
		};
		4B382FF72C5D30A30094FA11 /* Extensions */ = {
			isa = PBXGroup;
			children = (
				4B382FF82C5D30C00094FA11 /* RoundedCorner.swift */,
				4BC70D402C62AE9D00BB41DF /* ColorExtension.swift */,
				4BE4E9F22C80D12A007684CC /* String+Extensions.swift */,
				4BB8CEED2C89EB5900F07F26 /* Date+Extensions.swift */,
				4BB8CEF12C8C9BCE00F07F26 /* PhotoPickerItem+Extensions.swift */,
				4BB8CEF52C8CA4DB00F07F26 /* URL+extensions.swift */,
				4BB8CEFD2C8DED7400F07F26 /* TimeInterval+Extensions.swift */,
				4BB8CF012C8F5E5400F07F26 /* UIApplication+Extensions.swift */,
				4BB8CF032C8F60DA00F07F26 /* UIWindowScene+Extensions.swift */,
			);
			path = Extensions;
			sourceTree = "<group>";
		};
		4B74F41B2C529E8F008C8393 = {
			isa = PBXGroup;
			children = (
				4B74F4272C529E8F008C8393 /* TalkToMeApp.swift */,
				4B74F4292C529E8F008C8393 /* MainTabView.swift */,
				4B74F4262C529E8F008C8393 /* TalkToMe */,
				4B74F4252C529E8F008C8393 /* Products */,
				4BC70D202C5FCBE400BB41DF /* Frameworks */,
			);
			sourceTree = "<group>";
		};
		4B74F4252C529E8F008C8393 /* Products */ = {
			isa = PBXGroup;
			children = (
				4B74F4242C529E8F008C8393 /* TalkToMe.app */,
			);
			name = Products;
			sourceTree = "<group>";
		};
		4B74F4262C529E8F008C8393 /* TalkToMe */ = {
			isa = PBXGroup;
			children = (
				4B382FF72C5D30A30094FA11 /* Extensions */,
				4B74F4452C541221008C8393 /* Helper */,
				4B74F4352C529F76008C8393 /* Screens */,
				4BE4E9E92C7E4A0E007684CC /* Service */,
				4BB8CEE12C8634CD00F07F26 /* Utils */,
				4BE4E9C82C78F706007684CC /* GoogleService-Info.plist */,
				4BC70D232C5FCBFE00BB41DF /* Info.plist */,
				4B74F4542C5690F3008C8393 /* Components */,
				4B74F42B2C529E90008C8393 /* Assets.xcassets */,
				4B74F42D2C529E90008C8393 /* Preview Content */,
			);
			path = TalkToMe;
			sourceTree = "<group>";
		};
		4B74F42D2C529E90008C8393 /* Preview Content */ = {
			isa = PBXGroup;
			children = (
				4B74F42E2C529E90008C8393 /* Preview Assets.xcassets */,
			);
			path = "Preview Content";
			sourceTree = "<group>";
		};
		4B74F4352C529F76008C8393 /* Screens */ = {
			isa = PBXGroup;
			children = (
				4B74F43E2C52C8EC008C8393 /* Auth */,
				4BB8CEA32C86229100F07F26 /* Calls */,
				4BE4E9EC2C80BD60007684CC /* Channel */,
				4BB8CEBB2C8624BD00F07F26 /* Chat */,
				4BB8CED52C86318A00F07F26 /* Community */,
				4BE4E9CA2C7A296B007684CC /* Root */,
				4B0FE4AC2C71F055004D10F0 /* Settings */,
				4BB8CEDE2C86336400F07F26 /* Updates */,
				4B74F46D2C5AA393008C8393 /* IntroScreen */,
			);
			path = Screens;
			sourceTree = "<group>";
		};
		4B74F43E2C52C8EC008C8393 /* Auth */ = {
			isa = PBXGroup;
			children = (
				4BE4E9B02C7776CC007684CC /* EmailRegistration */,
				4B74F4572C56921E008C8393 /* OTPRegistration */,
				4BF0941A2C6FA47D000E305F /* FinalRegisterScreen */,
			);
			path = Auth;
			sourceTree = "<group>";
		};
		4B74F4452C541221008C8393 /* Helper */ = {
			isa = PBXGroup;
			children = (
				4BB8CE8B2C861E4700F07F26 /* CustomModifiers.swift */,
				4BB8CEFF2C8DF7F700F07F26 /* FirebaseHelper.swift */,
				4B8B84982C91EBBE003DD520 /* Haptics.swift */,
			);
			path = Helper;
			sourceTree = "<group>";
		};
		4B74F4542C5690F3008C8393 /* Components */ = {
			isa = PBXGroup;
			children = (
				4B74F4552C56910F008C8393 /* IntroGradient.swift */,
				4BC70D2C2C61119600BB41DF /* OpacityBackgroundLogo.swift */,
				4BE4E99B2C7633B1007684CC /* GrayGradient.swift */,
				4BB8CEEB2C89DF0600F07F26 /* CircularProfileImageView.swift */,
				4BB8CEF92C8CAFA000F07F26 /* MediaPlayerView.swift */,
			);
			path = Components;
			sourceTree = "<group>";
		};
		4B74F4572C56921E008C8393 /* OTPRegistration */ = {
			isa = PBXGroup;
			children = (
				4BF626252C6A3ACB00FF77B9 /* Views */,
				4BF626262C6A3AE200FF77B9 /* ViewModels */,
				4BC70D1F2C5FC93D00BB41DF /* CountryPicker */,
			);
			path = OTPRegistration;
			sourceTree = "<group>";
		};
		4B74F4652C57EF6A008C8393 /* Models */ = {
			isa = PBXGroup;
			children = (
				4B74F4662C57EF73008C8393 /* Page.swift */,
			);
			path = Models;
			sourceTree = "<group>";
		};
		4B74F46A2C57F8C1008C8393 /* Views */ = {
			isa = PBXGroup;
			children = (
				4B74F4682C57F7BB008C8393 /* IntroView.swift */,
			);
			path = Views;
			sourceTree = "<group>";
		};
		4B74F46D2C5AA393008C8393 /* IntroScreen */ = {
			isa = PBXGroup;
			children = (
				4B74F46A2C57F8C1008C8393 /* Views */,
				4BF6262E2C6A3DD200FF77B9 /* SubViews */,
				4B74F4652C57EF6A008C8393 /* Models */,
			);
			path = IntroScreen;
			sourceTree = "<group>";
		};
		4BB8CE8F2C861FEE00F07F26 /* Services */ = {
			isa = PBXGroup;
			children = (
				4BB8CE902C86200100F07F26 /* AuthProvider.swift */,
			);
			path = Services;
			sourceTree = "<group>";
		};
		4BB8CE922C86211E00F07F26 /* Model */ = {
			isa = PBXGroup;
			children = (
				4BB8CE932C86214800F07F26 /* UserItem.swift */,
			);
			path = Model;
			sourceTree = "<group>";
		};
		4BB8CE952C86217300F07F26 /* ViewModels */ = {
			isa = PBXGroup;
			children = (
				4BB8CE962C86218A00F07F26 /* AuthScreenModel.swift */,
			);
			path = ViewModels;
			sourceTree = "<group>";
		};
		4BB8CE982C8621AA00F07F26 /* Views */ = {
			isa = PBXGroup;
			children = (
				4BB8CE992C8621BB00F07F26 /* AuthButton.swift */,
				4BB8CE9B2C8621E400F07F26 /* AuthHeaderView.swift */,
				4BB8CE9D2C86220200F07F26 /* AuthTextField.swift */,
				4BB8CE9F2C86222400F07F26 /* LoginScreen.swift */,
				4BB8CEA12C86224200F07F26 /* SignUpScreen.swift */,
			);
			path = Views;
			sourceTree = "<group>";
		};
		4BB8CEA32C86229100F07F26 /* Calls */ = {
			isa = PBXGroup;
			children = (
				4BB8CEA42C8622A100F07F26 /* CallsTabScreen.swift */,
			);
			path = Calls;
			sourceTree = "<group>";
		};
		4BB8CEA72C86231500F07F26 /* ViewModel */ = {
			isa = PBXGroup;
			children = (
				4BB8CEA82C86233A00F07F26 /* ChannelTabViewModel.swift */,
				4BB8CEAA2C86238C00F07F26 /* ChatPartnerPickerViewModel.swift */,
			);
			path = ViewModel;
			sourceTree = "<group>";
		};
		4BB8CEAC2C8623AB00F07F26 /* Views */ = {
			isa = PBXGroup;
			children = (
				4BB8CEAD2C8623C700F07F26 /* ChannelItemView.swift */,
				4BB8CEAF2C8623E500F07F26 /* ChannelTabScreen.swift */,
				4BB8CEB12C86240000F07F26 /* ChatPartnerPickerScreen.swift */,
				4BB8CEB32C86243700F07F26 /* ChatPartnerRowView.swift */,
				4BB8CEB52C86244C00F07F26 /* GroupPartnerPickerScreen.swift */,
				4BB8CEB72C86246800F07F26 /* NewGroupSetUpScreen.swift */,
				4BB8CEB92C86248E00F07F26 /* SelectedChatPartnerView.swift */,
			);
			path = Views;
			sourceTree = "<group>";
		};
		4BB8CEBB2C8624BD00F07F26 /* Chat */ = {
			isa = PBXGroup;
			children = (
				4BB8CEBE2C862A2D00F07F26 /* Views */,
				4BB8CEBD2C8624D700F07F26 /* ViewModels */,
				4BB8CEBC2C8624CF00F07F26 /* Models */,
			);
			path = Chat;
			sourceTree = "<group>";
		};
		4BB8CEBC2C8624CF00F07F26 /* Models */ = {
			isa = PBXGroup;
			children = (
				4BB8CED12C86311800F07F26 /* MessageItem.swift */,
				4BB8CED32C86315000F07F26 /* MessageItems+Types.swift */,
				4BB8CEF32C8C9D7800F07F26 /* MediaPickerItem_Types.swift */,
			);
			path = Models;
			sourceTree = "<group>";
		};
		4BB8CEBD2C8624D700F07F26 /* ViewModels */ = {
			isa = PBXGroup;
			children = (
				4BB8CECF2C8630DE00F07F26 /* ChatRoomViewModel.swift */,
				4B8B84962C9098F7003DD520 /* VoiceMessagePlayer.swift */,
			);
			path = ViewModels;
			sourceTree = "<group>";
		};
		4BB8CEBE2C862A2D00F07F26 /* Views */ = {
			isa = PBXGroup;
			children = (
				4BB8CEC72C86305B00F07F26 /* ChatRoomScreen.swift */,
				4BB8CEBF2C862E7C00F07F26 /* BubbleAudioView.swift */,
				4BB8CEC12C862EA000F07F26 /* BubbleImageView.swift */,
				4BB8CEC32C86302300F07F26 /* BubbleTailView.swift */,
				4BB8CEC52C86304300F07F26 /* BubbleTextView.swift */,
				4BB8CEC92C86307800F07F26 /* MessageListController.swift */,
				4BB8CECB2C86309D00F07F26 /* MessageListView.swift */,
				4BB8CECD2C8630B800F07F26 /* TextInputArea.swift */,
				4BB8CEE42C8778EC00F07F26 /* ChannelCreationTextView.swift */,
				4BB8CEE62C87852700F07F26 /* AdminMessageTextView.swift */,
				4BB8CEEF2C8B283300F07F26 /* MediaAttachmentPreview.swift */,
				4B8B849A2C921BBA003DD520 /* BubbleView.swift */,
			);
			path = Views;
			sourceTree = "<group>";
		};
		4BB8CED52C86318A00F07F26 /* Community */ = {
			isa = PBXGroup;
			children = (
				4BB8CED62C86319E00F07F26 /* CommunityTabScreen.swift */,
			);
			path = Community;
			sourceTree = "<group>";
		};
		4BB8CEDE2C86336400F07F26 /* Updates */ = {
			isa = PBXGroup;
			children = (
				4BB8CEDF2C86338000F07F26 /* UpdatesTabScreen.swift */,
			);
			path = Updates;
			sourceTree = "<group>";
		};
		4BB8CEE12C8634CD00F07F26 /* Utils */ = {
			isa = PBXGroup;
			children = (
				4BB8CEE22C8634F000F07F26 /* FirebaseConstants.swift */,
			);
			path = Utils;
			sourceTree = "<group>";
		};
		4BC70D1F2C5FC93D00BB41DF /* CountryPicker */ = {
			isa = PBXGroup;
			children = (
				4BF626302C6A468700FF77B9 /* Views */,
				4BF626312C6A469E00FF77B9 /* ViewModel */,
			);
			path = CountryPicker;
			sourceTree = "<group>";
		};
		4BC70D202C5FCBE400BB41DF /* Frameworks */ = {
			isa = PBXGroup;
			children = (
				4BC70D212C5FCBE400BB41DF /* UserNotifications.framework */,
			);
			name = Frameworks;
			sourceTree = "<group>";
		};
		4BC70D292C610DE300BB41DF /* CreateNewUser */ = {
			isa = PBXGroup;
			children = (
				4BF6262D2C6A3D4700FF77B9 /* Views */,
				4BF6262C2C6A3D4000FF77B9 /* SubViews */,
				4BF626342C6A62FD00FF77B9 /* CropImagePicker */,
			);
			path = CreateNewUser;
			sourceTree = "<group>";
		};
		4BE4E9B02C7776CC007684CC /* EmailRegistration */ = {
			isa = PBXGroup;
			children = (
				4BB8CE982C8621AA00F07F26 /* Views */,
				4BB8CE952C86217300F07F26 /* ViewModels */,
				4BB8CE922C86211E00F07F26 /* Model */,
				4BB8CE8F2C861FEE00F07F26 /* Services */,
			);
			path = EmailRegistration;
			sourceTree = "<group>";
		};
		4BE4E9CA2C7A296B007684CC /* Root */ = {
			isa = PBXGroup;
			children = (
				4BE4E9CE2C7A298E007684CC /* ViewModel */,
				4BE4E9CB2C7A296F007684CC /* Views */,
			);
			path = Root;
			sourceTree = "<group>";
		};
		4BE4E9CB2C7A296F007684CC /* Views */ = {
			isa = PBXGroup;
			children = (
				4BE4E9CC2C7A297B007684CC /* RootScreen.swift */,
			);
			path = Views;
			sourceTree = "<group>";
		};
		4BE4E9CE2C7A298E007684CC /* ViewModel */ = {
			isa = PBXGroup;
			children = (
				4BE4E9CF2C7A29AC007684CC /* RootScreenModel.swift */,
			);
			path = ViewModel;
			sourceTree = "<group>";
		};
		4BE4E9E92C7E4A0E007684CC /* Service */ = {
			isa = PBXGroup;
			children = (
				4BE4E9EA2C7E4A38007684CC /* UserService.swift */,
				4BB8CE892C85F19700F07F26 /* MessageService.swift */,
				4BB8CEFB2C8DB21200F07F26 /* VoiceRecorderService.swift */,
			);
			path = Service;
			sourceTree = "<group>";
		};
		4BE4E9EC2C80BD60007684CC /* Channel */ = {
			isa = PBXGroup;
			children = (
				4BB8CEAC2C8623AB00F07F26 /* Views */,
				4BB8CEA72C86231500F07F26 /* ViewModel */,
				4BE4E9ED2C80BD70007684CC /* Models */,
			);
			path = Channel;
			sourceTree = "<group>";
		};
		4BE4E9ED2C80BD70007684CC /* Models */ = {
			isa = PBXGroup;
			children = (
				4BE4E9EE2C80BD96007684CC /* ChannelItem.swift */,
			);
			path = Models;
			sourceTree = "<group>";
		};
		4BF0941A2C6FA47D000E305F /* FinalRegisterScreen */ = {
			isa = PBXGroup;
			children = (
				4BF0941B2C6FA4B6000E305F /* FinalScreenView.swift */,
				4BF0941D2C6FA4DA000E305F /* TestView.swift */,
			);
			path = FinalRegisterScreen;
			sourceTree = "<group>";
		};
		4BF626252C6A3ACB00FF77B9 /* Views */ = {
			isa = PBXGroup;
			children = (
				4BF626282C6A3B6900FF77B9 /* PhoneNumberInput */,
				4BF626292C6A3C0300FF77B9 /* PhoneVerifyCode */,
				4BC70D292C610DE300BB41DF /* CreateNewUser */,
			);
			path = Views;
			sourceTree = "<group>";
		};
		4BF626262C6A3AE200FF77B9 /* ViewModels */ = {
			isa = PBXGroup;
			children = (
				4B74F44B2C556812008C8393 /* OTPViewModel.swift */,
			);
			path = ViewModels;
			sourceTree = "<group>";
		};
		4BF626272C6A3B2900FF77B9 /* SubViews */ = {
			isa = PBXGroup;
			children = (
				4B382FFD2C5D64750094FA11 /* NavPlaceHolder.swift */,
				4B382FFF2C5D65260094FA11 /* PhoneNumberInputField.swift */,
				4BC70D242C5FCF3700BB41DF /* ContinueButton.swift */,
			);
			path = SubViews;
			sourceTree = "<group>";
		};
		4BF626282C6A3B6900FF77B9 /* PhoneNumberInput */ = {
			isa = PBXGroup;
			children = (
				4B74F4482C556131008C8393 /* OTPPhoneNumberInputView.swift */,
				4BF626272C6A3B2900FF77B9 /* SubViews */,
			);
			path = PhoneNumberInput;
			sourceTree = "<group>";
		};
		4BF626292C6A3C0300FF77B9 /* PhoneVerifyCode */ = {
			isa = PBXGroup;
			children = (
				4BF6262A2C6A3C0F00FF77B9 /* Views */,
				4BF6262B2C6A3C1500FF77B9 /* SubViews */,
			);
			path = PhoneVerifyCode;
			sourceTree = "<group>";
		};
		4BF6262A2C6A3C0F00FF77B9 /* Views */ = {
			isa = PBXGroup;
			children = (
				4B74F4502C565402008C8393 /* OTPPhoneVerifyCodeView.swift */,
			);
			path = Views;
			sourceTree = "<group>";
		};
		4BF6262B2C6A3C1500FF77B9 /* SubViews */ = {
			isa = PBXGroup;
			children = (
				4BC70D382C626F4400BB41DF /* NavBarElements.swift */,
				4BC70D3A2C629B3300BB41DF /* SupportArea.swift */,
				4BC70D3C2C629C1F00BB41DF /* VerifyButton.swift */,
				4BC70D3E2C629F4200BB41DF /* CodeInputPlatforms.swift */,
				4BF0941F2C6FCC9F000E305F /* TimerView.swift */,
			);
			path = SubViews;
			sourceTree = "<group>";
		};
		4BF6262C2C6A3D4000FF77B9 /* SubViews */ = {
			isa = PBXGroup;
			children = (
				4BC70D2E2C62572500BB41DF /* NavigationTextArea.swift */,
				4BC70D302C6257B600BB41DF /* UserAvatar.swift */,
				4BC70D322C6258B300BB41DF /* UsernameField.swift */,
				4BC70D342C625A7100BB41DF /* SubmitButton.swift */,
				4BF626232C669C5500FF77B9 /* TappedFieldTextChange.swift */,
			);
			path = SubViews;
			sourceTree = "<group>";
		};
		4BF6262D2C6A3D4700FF77B9 /* Views */ = {
			isa = PBXGroup;
			children = (
				4BC70D2A2C610E1100BB41DF /* CreateUserScreenView.swift */,
			);
			path = Views;
			sourceTree = "<group>";
		};
		4BF6262E2C6A3DD200FF77B9 /* SubViews */ = {
			isa = PBXGroup;
			children = (
				4B74F46B2C57F8DC008C8393 /* MorphingSymbolView.swift */,
				4B74F46E2C5AA40B008C8393 /* TextTabHolderView.swift */,
				4B74F4702C5AA525008C8393 /* ContinueButtonView.swift */,
				4B74F4722C5AA5DA008C8393 /* HeaderView.swift */,
				4B74F4742C5AA625008C8393 /* IndicatorView.swift */,
			);
			path = SubViews;
			sourceTree = "<group>";
		};
		4BF626302C6A468700FF77B9 /* Views */ = {
			isa = PBXGroup;
			children = (
				4B3830012C5D65CE0094FA11 /* CountryPickerView.swift */,
				4B382FF12C5C0A050094FA11 /* CountryPickerSearchView.swift */,
			);
			path = Views;
			sourceTree = "<group>";
		};
		4BF626312C6A469E00FF77B9 /* ViewModel */ = {
			isa = PBXGroup;
			children = (
				4B382FEF2C5C09E40094FA11 /* CountryPickerViewModel.swift */,
			);
			path = ViewModel;
			sourceTree = "<group>";
		};
		4BF626342C6A62FD00FF77B9 /* CropImagePicker */ = {
			isa = PBXGroup;
			children = (
				4BF626352C6A630300FF77B9 /* View */,
				4BF094182C6E585E000E305F /* PickerExtensions.swift */,
			);
			path = CropImagePicker;
			sourceTree = "<group>";
		};
		4BF626352C6A630300FF77B9 /* View */ = {
			isa = PBXGroup;
			children = (
				4BF094162C6E559E000E305F /* CropView.swift */,
				4B366BBF2C6D2872001D5D63 /* CameraView.swift */,
			);
			path = View;
			sourceTree = "<group>";
		};
/* End PBXGroup section */

/* Begin PBXNativeTarget section */
		4B74F4232C529E8F008C8393 /* TalkToMe */ = {
			isa = PBXNativeTarget;
			buildConfigurationList = 4B74F4322C529E90008C8393 /* Build configuration list for PBXNativeTarget "TalkToMe" */;
			buildPhases = (
				4B74F4202C529E8F008C8393 /* Sources */,
				4B74F4212C529E8F008C8393 /* Frameworks */,
				4B74F4222C529E8F008C8393 /* Resources */,
			);
			buildRules = (
			);
			dependencies = (
			);
			name = TalkToMe;
			packageProductDependencies = (
				4BE4E99E2C766955007684CC /* FirebaseAuth */,
				4BE4E9A02C766955007684CC /* FirebaseDatabase */,
				4BE4E9A22C766955007684CC /* FirebaseDynamicLinks */,
				4BE4E9A42C766955007684CC /* FirebaseMessaging */,
				4BE4E9A62C766955007684CC /* FirebaseStorage */,
				4BE4E9AA2C766DF2007684CC /* FirebaseAnalytics */,
				4BE4E9AC2C766DFB007684CC /* FirebaseCrashlytics */,
				4BE4E9AE2C766E0F007684CC /* FirebasePerformance */,
				4BB8CEE92C89DEC300F07F26 /* Kingfisher */,
			);
			productName = TalkToMe;
			productReference = 4B74F4242C529E8F008C8393 /* TalkToMe.app */;
			productType = "com.apple.product-type.application";
		};
/* End PBXNativeTarget section */

/* Begin PBXProject section */
		4B74F41C2C529E8F008C8393 /* Project object */ = {
			isa = PBXProject;
			attributes = {
				BuildIndependentTargetsInParallel = 1;
				LastSwiftUpdateCheck = 1540;
				LastUpgradeCheck = 1540;
				TargetAttributes = {
					4B74F4232C529E8F008C8393 = {
						CreatedOnToolsVersion = 15.4;
					};
				};
			};
			buildConfigurationList = 4B74F41F2C529E8F008C8393 /* Build configuration list for PBXProject "TalkToMe" */;
			compatibilityVersion = "Xcode 14.0";
			developmentRegion = en;
			hasScannedForEncodings = 0;
			knownRegions = (
				en,
				Base,
			);
			mainGroup = 4B74F41B2C529E8F008C8393;
			packageReferences = (
				4BE4E99D2C766955007684CC /* XCRemoteSwiftPackageReference "firebase-ios-sdk" */,
				4BB8CEE82C89DEC300F07F26 /* XCRemoteSwiftPackageReference "Kingfisher" */,
			);
			productRefGroup = 4B74F4252C529E8F008C8393 /* Products */;
			projectDirPath = "";
			projectRoot = "";
			targets = (
				4B74F4232C529E8F008C8393 /* TalkToMe */,
			);
		};
/* End PBXProject section */

/* Begin PBXResourcesBuildPhase section */
		4B74F4222C529E8F008C8393 /* Resources */ = {
			isa = PBXResourcesBuildPhase;
			buildActionMask = 2147483647;
			files = (
				4B74F42F2C529E90008C8393 /* Preview Assets.xcassets in Resources */,
				4B74F42C2C529E90008C8393 /* Assets.xcassets in Resources */,
				4BE4E9C92C78F706007684CC /* GoogleService-Info.plist in Resources */,
			);
			runOnlyForDeploymentPostprocessing = 0;
		};
/* End PBXResourcesBuildPhase section */

/* Begin PBXSourcesBuildPhase section */
		4B74F4202C529E8F008C8393 /* Sources */ = {
			isa = PBXSourcesBuildPhase;
			buildActionMask = 2147483647;
			files = (
				4B74F4512C565402008C8393 /* OTPPhoneVerifyCodeView.swift in Sources */,
				4BB8CEB22C86240000F07F26 /* ChatPartnerPickerScreen.swift in Sources */,
				4BE4E9D02C7A29AC007684CC /* RootScreenModel.swift in Sources */,
				4BB8CEDB2C86326E00F07F26 /* SettingsTabScreen.swift in Sources */,
				4BB8CE8C2C861E4700F07F26 /* CustomModifiers.swift in Sources */,
				4BF0941E2C6FA4DA000E305F /* TestView.swift in Sources */,
				4BB8CEF02C8B283300F07F26 /* MediaAttachmentPreview.swift in Sources */,
				4BB8CEFC2C8DB21200F07F26 /* VoiceRecorderService.swift in Sources */,
				4BB8CE942C86214800F07F26 /* UserItem.swift in Sources */,
				4BB8CF042C8F60DA00F07F26 /* UIWindowScene+Extensions.swift in Sources */,
				4BB8CEE72C87852700F07F26 /* AdminMessageTextView.swift in Sources */,
				4BB8CEEE2C89EB5900F07F26 /* Date+Extensions.swift in Sources */,
				4BF094192C6E585E000E305F /* PickerExtensions.swift in Sources */,
				4B74F46F2C5AA40B008C8393 /* TextTabHolderView.swift in Sources */,
				4BC70D2D2C61119600BB41DF /* OpacityBackgroundLogo.swift in Sources */,
				4B366BC02C6D2872001D5D63 /* CameraView.swift in Sources */,
				4BB8CEFE2C8DED7400F07F26 /* TimeInterval+Extensions.swift in Sources */,
				4B74F42A2C529E8F008C8393 /* MainTabView.swift in Sources */,
				4B382FFE2C5D64750094FA11 /* NavPlaceHolder.swift in Sources */,
				4B74F44C2C556812008C8393 /* OTPViewModel.swift in Sources */,
				4BB8CEE32C8634F000F07F26 /* FirebaseConstants.swift in Sources */,
				4B74F4672C57EF73008C8393 /* Page.swift in Sources */,
				4BF094202C6FCC9F000E305F /* TimerView.swift in Sources */,
				4BB8CE9E2C86220200F07F26 /* AuthTextField.swift in Sources */,
				4B382FF92C5D30C00094FA11 /* RoundedCorner.swift in Sources */,
				4BE4E9F32C80D12A007684CC /* String+Extensions.swift in Sources */,
				4BC70D392C626F4400BB41DF /* NavBarElements.swift in Sources */,
				4BC70D312C6257B600BB41DF /* UserAvatar.swift in Sources */,
				4BB8CEC82C86305B00F07F26 /* ChatRoomScreen.swift in Sources */,
				4BB8CEDD2C8632DA00F07F26 /* SettingsItem.swift in Sources */,
				4BB8CED72C86319E00F07F26 /* CommunityTabScreen.swift in Sources */,
				4B1320582C972EDB001BD301 /* SettingsTabViewModel.swift in Sources */,
				4BB8CF022C8F5E5400F07F26 /* UIApplication+Extensions.swift in Sources */,
				4BE4E9EB2C7E4A38007684CC /* UserService.swift in Sources */,
				4BB8CEB82C86246800F07F26 /* NewGroupSetUpScreen.swift in Sources */,
				4B74F4752C5AA625008C8393 /* IndicatorView.swift in Sources */,
				4BB8CED02C8630DE00F07F26 /* ChatRoomViewModel.swift in Sources */,
				4BB8CED42C86315000F07F26 /* MessageItems+Types.swift in Sources */,
				4BB8CEA22C86224200F07F26 /* SignUpScreen.swift in Sources */,
				4BC70D412C62AE9D00BB41DF /* ColorExtension.swift in Sources */,
				4B382FF02C5C09E40094FA11 /* CountryPickerViewModel.swift in Sources */,
				4BB8CE912C86200100F07F26 /* AuthProvider.swift in Sources */,
				4BF626242C669C5500FF77B9 /* TappedFieldTextChange.swift in Sources */,
				4BE4E9CD2C7A297B007684CC /* RootScreen.swift in Sources */,
				4BB8CEB42C86243700F07F26 /* ChatPartnerRowView.swift in Sources */,
				4BC70D3F2C629F4200BB41DF /* CodeInputPlatforms.swift in Sources */,
				4BE4E99C2C7633B1007684CC /* GrayGradient.swift in Sources */,
				4BC70D2F2C62572500BB41DF /* NavigationTextArea.swift in Sources */,
				4B74F4562C56910F008C8393 /* IntroGradient.swift in Sources */,
				4BB8CEAE2C8623C700F07F26 /* ChannelItemView.swift in Sources */,
				4BB8CE9A2C8621BB00F07F26 /* AuthButton.swift in Sources */,
				4BB8CEA52C8622A100F07F26 /* CallsTabScreen.swift in Sources */,
				4BB8CEC42C86302300F07F26 /* BubbleTailView.swift in Sources */,
				4BB8CEF22C8C9BCE00F07F26 /* PhotoPickerItem+Extensions.swift in Sources */,
				4B74F4282C529E8F008C8393 /* TalkToMeApp.swift in Sources */,
				4BC70D3D2C629C1F00BB41DF /* VerifyButton.swift in Sources */,
				4BB8CEF62C8CA4DB00F07F26 /* URL+extensions.swift in Sources */,
				4BB8CEB02C8623E500F07F26 /* ChannelTabScreen.swift in Sources */,
				4BB8CEEC2C89DF0600F07F26 /* CircularProfileImageView.swift in Sources */,
				4BB8CEB62C86244C00F07F26 /* GroupPartnerPickerScreen.swift in Sources */,
				4BC70D3B2C629B3300BB41DF /* SupportArea.swift in Sources */,
				4BB8CEAB2C86238C00F07F26 /* ChatPartnerPickerViewModel.swift in Sources */,
				4BB8CECC2C86309D00F07F26 /* MessageListView.swift in Sources */,
				4BB8CEA02C86222400F07F26 /* LoginScreen.swift in Sources */,
				4BB8CEC22C862EA000F07F26 /* BubbleImageView.swift in Sources */,
				4BB8CEBA2C86248E00F07F26 /* SelectedChatPartnerView.swift in Sources */,
				4B382FF22C5C0A050094FA11 /* CountryPickerSearchView.swift in Sources */,
				4BB8CED92C86325100F07F26 /* SettingsItemView.swift in Sources */,
				4BE4E9EF2C80BD96007684CC /* ChannelItem.swift in Sources */,
				4B74F4712C5AA525008C8393 /* ContinueButtonView.swift in Sources */,
				4B74F4732C5AA5DA008C8393 /* HeaderView.swift in Sources */,
				4BB8CECE2C8630B800F07F26 /* TextInputArea.swift in Sources */,
				4BB8CED22C86311800F07F26 /* MessageItem.swift in Sources */,
				4BB8CF002C8DF7F700F07F26 /* FirebaseHelper.swift in Sources */,
				4BB8CEE52C8778EC00F07F26 /* ChannelCreationTextView.swift in Sources */,
				4B74F46C2C57F8DC008C8393 /* MorphingSymbolView.swift in Sources */,
				4BC70D252C5FCF3700BB41DF /* ContinueButton.swift in Sources */,
				4B8B84992C91EBBE003DD520 /* Haptics.swift in Sources */,
				4BB8CE972C86218A00F07F26 /* AuthScreenModel.swift in Sources */,
				4B74F4492C556131008C8393 /* OTPPhoneNumberInputView.swift in Sources */,
				4BB8CEC62C86304300F07F26 /* BubbleTextView.swift in Sources */,
				4BC70D332C6258B300BB41DF /* UsernameField.swift in Sources */,
				4BB8CEC02C862E7C00F07F26 /* BubbleAudioView.swift in Sources */,
				4BF0941C2C6FA4B6000E305F /* FinalScreenView.swift in Sources */,
				4BB8CE8A2C85F19700F07F26 /* MessageService.swift in Sources */,
				4BB8CEE02C86338000F07F26 /* UpdatesTabScreen.swift in Sources */,
				4BC70D352C625A7100BB41DF /* SubmitButton.swift in Sources */,
				4B8B849B2C921BBA003DD520 /* BubbleView.swift in Sources */,
				4BB8CEF42C8C9D7800F07F26 /* MediaPickerItem_Types.swift in Sources */,
				4BB8CE9C2C8621E400F07F26 /* AuthHeaderView.swift in Sources */,
				4BC70D2B2C610E1100BB41DF /* CreateUserScreenView.swift in Sources */,
				4BB8CEA92C86233A00F07F26 /* ChannelTabViewModel.swift in Sources */,
				4BF094172C6E559E000E305F /* CropView.swift in Sources */,
				4BB8CECA2C86307900F07F26 /* MessageListController.swift in Sources */,
				4B8B84972C9098F7003DD520 /* VoiceMessagePlayer.swift in Sources */,
				4B3830022C5D65CE0094FA11 /* CountryPickerView.swift in Sources */,
				4B3830002C5D65260094FA11 /* PhoneNumberInputField.swift in Sources */,
				4BB8CEFA2C8CAFA000F07F26 /* MediaPlayerView.swift in Sources */,
				4B74F4692C57F7BB008C8393 /* IntroView.swift in Sources */,
			);
			runOnlyForDeploymentPostprocessing = 0;
		};
/* End PBXSourcesBuildPhase section */

/* Begin XCBuildConfiguration section */
		4B74F4302C529E90008C8393 /* Debug */ = {
			isa = XCBuildConfiguration;
			buildSettings = {
				ALWAYS_SEARCH_USER_PATHS = NO;
				ASSETCATALOG_COMPILER_GENERATE_SWIFT_ASSET_SYMBOL_EXTENSIONS = YES;
				CLANG_ANALYZER_NONNULL = YES;
				CLANG_ANALYZER_NUMBER_OBJECT_CONVERSION = YES_AGGRESSIVE;
				CLANG_CXX_LANGUAGE_STANDARD = "gnu++20";
				CLANG_ENABLE_MODULES = YES;
				CLANG_ENABLE_OBJC_ARC = YES;
				CLANG_ENABLE_OBJC_WEAK = YES;
				CLANG_WARN_BLOCK_CAPTURE_AUTORELEASING = YES;
				CLANG_WARN_BOOL_CONVERSION = YES;
				CLANG_WARN_COMMA = YES;
				CLANG_WARN_CONSTANT_CONVERSION = YES;
				CLANG_WARN_DEPRECATED_OBJC_IMPLEMENTATIONS = YES;
				CLANG_WARN_DIRECT_OBJC_ISA_USAGE = YES_ERROR;
				CLANG_WARN_DOCUMENTATION_COMMENTS = YES;
				CLANG_WARN_EMPTY_BODY = YES;
				CLANG_WARN_ENUM_CONVERSION = YES;
				CLANG_WARN_INFINITE_RECURSION = YES;
				CLANG_WARN_INT_CONVERSION = YES;
				CLANG_WARN_NON_LITERAL_NULL_CONVERSION = YES;
				CLANG_WARN_OBJC_IMPLICIT_RETAIN_SELF = YES;
				CLANG_WARN_OBJC_LITERAL_CONVERSION = YES;
				CLANG_WARN_OBJC_ROOT_CLASS = YES_ERROR;
				CLANG_WARN_QUOTED_INCLUDE_IN_FRAMEWORK_HEADER = YES;
				CLANG_WARN_RANGE_LOOP_ANALYSIS = YES;
				CLANG_WARN_STRICT_PROTOTYPES = YES;
				CLANG_WARN_SUSPICIOUS_MOVE = YES;
				CLANG_WARN_UNGUARDED_AVAILABILITY = YES_AGGRESSIVE;
				CLANG_WARN_UNREACHABLE_CODE = YES;
				CLANG_WARN__DUPLICATE_METHOD_MATCH = YES;
				COPY_PHASE_STRIP = NO;
				DEBUG_INFORMATION_FORMAT = dwarf;
				ENABLE_STRICT_OBJC_MSGSEND = YES;
				ENABLE_TESTABILITY = YES;
				ENABLE_USER_SCRIPT_SANDBOXING = YES;
				GCC_C_LANGUAGE_STANDARD = gnu17;
				GCC_DYNAMIC_NO_PIC = NO;
				GCC_NO_COMMON_BLOCKS = YES;
				GCC_OPTIMIZATION_LEVEL = 0;
				GCC_PREPROCESSOR_DEFINITIONS = (
					"DEBUG=1",
					"$(inherited)",
				);
				GCC_WARN_64_TO_32_BIT_CONVERSION = YES;
				GCC_WARN_ABOUT_RETURN_TYPE = YES_ERROR;
				GCC_WARN_UNDECLARED_SELECTOR = YES;
				GCC_WARN_UNINITIALIZED_AUTOS = YES_AGGRESSIVE;
				GCC_WARN_UNUSED_FUNCTION = YES;
				GCC_WARN_UNUSED_VARIABLE = YES;
				IPHONEOS_DEPLOYMENT_TARGET = 17.5;
				LOCALIZATION_PREFERS_STRING_CATALOGS = YES;
				MTL_ENABLE_DEBUG_INFO = INCLUDE_SOURCE;
				MTL_FAST_MATH = YES;
				ONLY_ACTIVE_ARCH = YES;
				SDKROOT = iphoneos;
				SWIFT_ACTIVE_COMPILATION_CONDITIONS = "DEBUG $(inherited)";
				SWIFT_OPTIMIZATION_LEVEL = "-Onone";
			};
			name = Debug;
		};
		4B74F4312C529E90008C8393 /* Release */ = {
			isa = XCBuildConfiguration;
			buildSettings = {
				ALWAYS_SEARCH_USER_PATHS = NO;
				ASSETCATALOG_COMPILER_GENERATE_SWIFT_ASSET_SYMBOL_EXTENSIONS = YES;
				CLANG_ANALYZER_NONNULL = YES;
				CLANG_ANALYZER_NUMBER_OBJECT_CONVERSION = YES_AGGRESSIVE;
				CLANG_CXX_LANGUAGE_STANDARD = "gnu++20";
				CLANG_ENABLE_MODULES = YES;
				CLANG_ENABLE_OBJC_ARC = YES;
				CLANG_ENABLE_OBJC_WEAK = YES;
				CLANG_WARN_BLOCK_CAPTURE_AUTORELEASING = YES;
				CLANG_WARN_BOOL_CONVERSION = YES;
				CLANG_WARN_COMMA = YES;
				CLANG_WARN_CONSTANT_CONVERSION = YES;
				CLANG_WARN_DEPRECATED_OBJC_IMPLEMENTATIONS = YES;
				CLANG_WARN_DIRECT_OBJC_ISA_USAGE = YES_ERROR;
				CLANG_WARN_DOCUMENTATION_COMMENTS = YES;
				CLANG_WARN_EMPTY_BODY = YES;
				CLANG_WARN_ENUM_CONVERSION = YES;
				CLANG_WARN_INFINITE_RECURSION = YES;
				CLANG_WARN_INT_CONVERSION = YES;
				CLANG_WARN_NON_LITERAL_NULL_CONVERSION = YES;
				CLANG_WARN_OBJC_IMPLICIT_RETAIN_SELF = YES;
				CLANG_WARN_OBJC_LITERAL_CONVERSION = YES;
				CLANG_WARN_OBJC_ROOT_CLASS = YES_ERROR;
				CLANG_WARN_QUOTED_INCLUDE_IN_FRAMEWORK_HEADER = YES;
				CLANG_WARN_RANGE_LOOP_ANALYSIS = YES;
				CLANG_WARN_STRICT_PROTOTYPES = YES;
				CLANG_WARN_SUSPICIOUS_MOVE = YES;
				CLANG_WARN_UNGUARDED_AVAILABILITY = YES_AGGRESSIVE;
				CLANG_WARN_UNREACHABLE_CODE = YES;
				CLANG_WARN__DUPLICATE_METHOD_MATCH = YES;
				COPY_PHASE_STRIP = NO;
				DEBUG_INFORMATION_FORMAT = "dwarf-with-dsym";
				ENABLE_NS_ASSERTIONS = NO;
				ENABLE_STRICT_OBJC_MSGSEND = YES;
				ENABLE_USER_SCRIPT_SANDBOXING = YES;
				GCC_C_LANGUAGE_STANDARD = gnu17;
				GCC_NO_COMMON_BLOCKS = YES;
				GCC_WARN_64_TO_32_BIT_CONVERSION = YES;
				GCC_WARN_ABOUT_RETURN_TYPE = YES_ERROR;
				GCC_WARN_UNDECLARED_SELECTOR = YES;
				GCC_WARN_UNINITIALIZED_AUTOS = YES_AGGRESSIVE;
				GCC_WARN_UNUSED_FUNCTION = YES;
				GCC_WARN_UNUSED_VARIABLE = YES;
				IPHONEOS_DEPLOYMENT_TARGET = 17.5;
				LOCALIZATION_PREFERS_STRING_CATALOGS = YES;
				MTL_ENABLE_DEBUG_INFO = NO;
				MTL_FAST_MATH = YES;
				SDKROOT = iphoneos;
				SWIFT_COMPILATION_MODE = wholemodule;
				VALIDATE_PRODUCT = YES;
			};
			name = Release;
		};
		4B74F4332C529E90008C8393 /* Debug */ = {
			isa = XCBuildConfiguration;
			buildSettings = {
				ASSETCATALOG_COMPILER_APPICON_NAME = AppIcon;
				ASSETCATALOG_COMPILER_GLOBAL_ACCENT_COLOR_NAME = AccentColor;
				CODE_SIGN_STYLE = Automatic;
				CURRENT_PROJECT_VERSION = 1;
				DEVELOPMENT_ASSET_PATHS = "\"TalkToMe/Preview Content\"";
				DEVELOPMENT_TEAM = QT3T249ZHN;
				ENABLE_PREVIEWS = YES;
				GENERATE_INFOPLIST_FILE = YES;
				INFOPLIST_FILE = TalkToMe/Info.plist;
				INFOPLIST_KEY_LSApplicationCategoryType = "public.app-category.social-networking";
				INFOPLIST_KEY_NSCameraUsageDescription = "This app requires access to the camera to capture photos.";
				INFOPLIST_KEY_NSMicrophoneUsageDescription = "A message that tells the user why the app is requesting access to the device’s microphone.";
				INFOPLIST_KEY_UIApplicationSceneManifest_Generation = YES;
				INFOPLIST_KEY_UIApplicationSupportsIndirectInputEvents = YES;
				INFOPLIST_KEY_UILaunchScreen_Generation = YES;
				INFOPLIST_KEY_UISupportedInterfaceOrientations = UIInterfaceOrientationPortrait;
				INFOPLIST_KEY_UISupportedInterfaceOrientations_iPad = "UIInterfaceOrientationLandscapeLeft UIInterfaceOrientationLandscapeRight UIInterfaceOrientationPortrait UIInterfaceOrientationPortraitUpsideDown";
				LD_RUNPATH_SEARCH_PATHS = (
					"$(inherited)",
					"@executable_path/Frameworks",
				);
				MARKETING_VERSION = 1.0;
				PRODUCT_BUNDLE_IDENTIFIER = com.mavrodimakis.TalkToMe;
				PRODUCT_NAME = "$(TARGET_NAME)";
				SUPPORTED_PLATFORMS = "iphoneos iphonesimulator";
				SUPPORTS_MACCATALYST = NO;
				SUPPORTS_MAC_DESIGNED_FOR_IPHONE_IPAD = NO;
				SUPPORTS_XR_DESIGNED_FOR_IPHONE_IPAD = NO;
				SWIFT_EMIT_LOC_STRINGS = YES;
				SWIFT_VERSION = 5.0;
				TARGETED_DEVICE_FAMILY = 1;
			};
			name = Debug;
		};
		4B74F4342C529E90008C8393 /* Release */ = {
			isa = XCBuildConfiguration;
			buildSettings = {
				ASSETCATALOG_COMPILER_APPICON_NAME = AppIcon;
				ASSETCATALOG_COMPILER_GLOBAL_ACCENT_COLOR_NAME = AccentColor;
				CODE_SIGN_STYLE = Automatic;
				CURRENT_PROJECT_VERSION = 1;
				DEVELOPMENT_ASSET_PATHS = "\"TalkToMe/Preview Content\"";
				DEVELOPMENT_TEAM = QT3T249ZHN;
				ENABLE_PREVIEWS = YES;
				GENERATE_INFOPLIST_FILE = YES;
				INFOPLIST_FILE = TalkToMe/Info.plist;
				INFOPLIST_KEY_LSApplicationCategoryType = "public.app-category.social-networking";
				INFOPLIST_KEY_NSCameraUsageDescription = "This app requires access to the camera to capture photos.";
				INFOPLIST_KEY_NSMicrophoneUsageDescription = "A message that tells the user why the app is requesting access to the device’s microphone.";
				INFOPLIST_KEY_UIApplicationSceneManifest_Generation = YES;
				INFOPLIST_KEY_UIApplicationSupportsIndirectInputEvents = YES;
				INFOPLIST_KEY_UILaunchScreen_Generation = YES;
				INFOPLIST_KEY_UISupportedInterfaceOrientations = UIInterfaceOrientationPortrait;
				INFOPLIST_KEY_UISupportedInterfaceOrientations_iPad = "UIInterfaceOrientationLandscapeLeft UIInterfaceOrientationLandscapeRight UIInterfaceOrientationPortrait UIInterfaceOrientationPortraitUpsideDown";
				LD_RUNPATH_SEARCH_PATHS = (
					"$(inherited)",
					"@executable_path/Frameworks",
				);
				MARKETING_VERSION = 1.0;
				PRODUCT_BUNDLE_IDENTIFIER = com.mavrodimakis.TalkToMe;
				PRODUCT_NAME = "$(TARGET_NAME)";
				SUPPORTED_PLATFORMS = "iphoneos iphonesimulator";
				SUPPORTS_MACCATALYST = NO;
				SUPPORTS_MAC_DESIGNED_FOR_IPHONE_IPAD = NO;
				SUPPORTS_XR_DESIGNED_FOR_IPHONE_IPAD = NO;
				SWIFT_EMIT_LOC_STRINGS = YES;
				SWIFT_VERSION = 5.0;
				TARGETED_DEVICE_FAMILY = 1;
			};
			name = Release;
		};
/* End XCBuildConfiguration section */

/* Begin XCConfigurationList section */
		4B74F41F2C529E8F008C8393 /* Build configuration list for PBXProject "TalkToMe" */ = {
			isa = XCConfigurationList;
			buildConfigurations = (
				4B74F4302C529E90008C8393 /* Debug */,
				4B74F4312C529E90008C8393 /* Release */,
			);
			defaultConfigurationIsVisible = 0;
			defaultConfigurationName = Release;
		};
		4B74F4322C529E90008C8393 /* Build configuration list for PBXNativeTarget "TalkToMe" */ = {
			isa = XCConfigurationList;
			buildConfigurations = (
				4B74F4332C529E90008C8393 /* Debug */,
				4B74F4342C529E90008C8393 /* Release */,
			);
			defaultConfigurationIsVisible = 0;
			defaultConfigurationName = Release;
		};
/* End XCConfigurationList section */

/* Begin XCRemoteSwiftPackageReference section */
		4BB8CEE82C89DEC300F07F26 /* XCRemoteSwiftPackageReference "Kingfisher" */ = {
			isa = XCRemoteSwiftPackageReference;
			repositoryURL = "https://github.com/onevcat/Kingfisher";
			requirement = {
				kind = upToNextMajorVersion;
				minimumVersion = 7.12.0;
			};
		};
		4BE4E99D2C766955007684CC /* XCRemoteSwiftPackageReference "firebase-ios-sdk" */ = {
			isa = XCRemoteSwiftPackageReference;
			repositoryURL = "https://github.com/firebase/firebase-ios-sdk.git";
			requirement = {
				kind = upToNextMajorVersion;
				minimumVersion = 11.1.0;
			};
		};
/* End XCRemoteSwiftPackageReference section */

/* Begin XCSwiftPackageProductDependency section */
		4BB8CEE92C89DEC300F07F26 /* Kingfisher */ = {
			isa = XCSwiftPackageProductDependency;
			package = 4BB8CEE82C89DEC300F07F26 /* XCRemoteSwiftPackageReference "Kingfisher" */;
			productName = Kingfisher;
		};
		4BE4E99E2C766955007684CC /* FirebaseAuth */ = {
			isa = XCSwiftPackageProductDependency;
			package = 4BE4E99D2C766955007684CC /* XCRemoteSwiftPackageReference "firebase-ios-sdk" */;
			productName = FirebaseAuth;
		};
		4BE4E9A02C766955007684CC /* FirebaseDatabase */ = {
			isa = XCSwiftPackageProductDependency;
			package = 4BE4E99D2C766955007684CC /* XCRemoteSwiftPackageReference "firebase-ios-sdk" */;
			productName = FirebaseDatabase;
		};
		4BE4E9A22C766955007684CC /* FirebaseDynamicLinks */ = {
			isa = XCSwiftPackageProductDependency;
			package = 4BE4E99D2C766955007684CC /* XCRemoteSwiftPackageReference "firebase-ios-sdk" */;
			productName = FirebaseDynamicLinks;
		};
		4BE4E9A42C766955007684CC /* FirebaseMessaging */ = {
			isa = XCSwiftPackageProductDependency;
			package = 4BE4E99D2C766955007684CC /* XCRemoteSwiftPackageReference "firebase-ios-sdk" */;
			productName = FirebaseMessaging;
		};
		4BE4E9A62C766955007684CC /* FirebaseStorage */ = {
			isa = XCSwiftPackageProductDependency;
			package = 4BE4E99D2C766955007684CC /* XCRemoteSwiftPackageReference "firebase-ios-sdk" */;
			productName = FirebaseStorage;
		};
		4BE4E9AA2C766DF2007684CC /* FirebaseAnalytics */ = {
			isa = XCSwiftPackageProductDependency;
			package = 4BE4E99D2C766955007684CC /* XCRemoteSwiftPackageReference "firebase-ios-sdk" */;
			productName = FirebaseAnalytics;
		};
		4BE4E9AC2C766DFB007684CC /* FirebaseCrashlytics */ = {
			isa = XCSwiftPackageProductDependency;
			package = 4BE4E99D2C766955007684CC /* XCRemoteSwiftPackageReference "firebase-ios-sdk" */;
			productName = FirebaseCrashlytics;
		};
		4BE4E9AE2C766E0F007684CC /* FirebasePerformance */ = {
			isa = XCSwiftPackageProductDependency;
			package = 4BE4E99D2C766955007684CC /* XCRemoteSwiftPackageReference "firebase-ios-sdk" */;
			productName = FirebasePerformance;
		};
/* End XCSwiftPackageProductDependency section */
	};
	rootObject = 4B74F41C2C529E8F008C8393 /* Project object */;
}
